// !$*UTF8*$!
{
	archiveVersion = 1;
	classes = {
	};
	objectVersion = 50;
	objects = {

/* Begin PBXBuildFile section */
		FA0C849B2041B2D5000BA2F5 /* AppDelegate.swift in Sources */ = {isa = PBXBuildFile; fileRef = FA0C849A2041B2D5000BA2F5 /* AppDelegate.swift */; };
		FA0C84A22041B2D5000BA2F5 /* Main.storyboard in Resources */ = {isa = PBXBuildFile; fileRef = FA0C84A02041B2D5000BA2F5 /* Main.storyboard */; };
		FA0C84A42041B2D7000BA2F5 /* Assets.xcassets in Resources */ = {isa = PBXBuildFile; fileRef = FA0C84A32041B2D7000BA2F5 /* Assets.xcassets */; };
		FA0C84A72041B2D7000BA2F5 /* LaunchScreen.storyboard in Resources */ = {isa = PBXBuildFile; fileRef = FA0C84A52041B2D7000BA2F5 /* LaunchScreen.storyboard */; };
		FA0C84AF2041E95B000BA2F5 /* SearchTableViewController.swift in Sources */ = {isa = PBXBuildFile; fileRef = FA0C84AE2041E95B000BA2F5 /* SearchTableViewController.swift */; };
		FA0C84B12041E9AE000BA2F5 /* MessagesTableViewController.swift in Sources */ = {isa = PBXBuildFile; fileRef = FA0C84B02041E9AE000BA2F5 /* MessagesTableViewController.swift */; };
		FA0C84B32041E9F8000BA2F5 /* ProfileViewController.swift in Sources */ = {isa = PBXBuildFile; fileRef = FA0C84B22041E9F8000BA2F5 /* ProfileViewController.swift */; };
/* End PBXBuildFile section */

/* Begin PBXFileReference section */
		FA0C84972041B2D5000BA2F5 /* Scheduling.app */ = {isa = PBXFileReference; explicitFileType = wrapper.application; includeInIndex = 0; path = Scheduling.app; sourceTree = BUILT_PRODUCTS_DIR; };
		FA0C849A2041B2D5000BA2F5 /* AppDelegate.swift */ = {isa = PBXFileReference; lastKnownFileType = sourcecode.swift; path = AppDelegate.swift; sourceTree = "<group>"; };
		FA0C84A12041B2D5000BA2F5 /* Base */ = {isa = PBXFileReference; lastKnownFileType = file.storyboard; name = Base; path = Base.lproj/Main.storyboard; sourceTree = "<group>"; };
		FA0C84A32041B2D7000BA2F5 /* Assets.xcassets */ = {isa = PBXFileReference; lastKnownFileType = folder.assetcatalog; path = Assets.xcassets; sourceTree = "<group>"; };
		FA0C84A62041B2D7000BA2F5 /* Base */ = {isa = PBXFileReference; lastKnownFileType = file.storyboard; name = Base; path = Base.lproj/LaunchScreen.storyboard; sourceTree = "<group>"; };
		FA0C84A82041B2D7000BA2F5 /* Info.plist */ = {isa = PBXFileReference; lastKnownFileType = text.plist.xml; path = Info.plist; sourceTree = "<group>"; };
		FA0C84AE2041E95B000BA2F5 /* SearchTableViewController.swift */ = {isa = PBXFileReference; lastKnownFileType = sourcecode.swift; path = SearchTableViewController.swift; sourceTree = "<group>"; };
		FA0C84B02041E9AE000BA2F5 /* MessagesTableViewController.swift */ = {isa = PBXFileReference; lastKnownFileType = sourcecode.swift; path = MessagesTableViewController.swift; sourceTree = "<group>"; };
		FA0C84B22041E9F8000BA2F5 /* ProfileViewController.swift */ = {isa = PBXFileReference; lastKnownFileType = sourcecode.swift; path = ProfileViewController.swift; sourceTree = "<group>"; };
/* End PBXFileReference section */

/* Begin PBXFrameworksBuildPhase section */
		FA0C84942041B2D4000BA2F5 /* Frameworks */ = {
			isa = PBXFrameworksBuildPhase;
			buildActionMask = 2147483647;
			files = (
			);
			runOnlyForDeploymentPostprocessing = 0;
		};
/* End PBXFrameworksBuildPhase section */

/* Begin PBXGroup section */
		FA0C848E2041B2D4000BA2F5 = {
			isa = PBXGroup;
			children = (
				FA0C84992041B2D5000BA2F5 /* Scheduling */,
				FA0C84982041B2D5000BA2F5 /* Products */,
			);
			sourceTree = "<group>";
		};
		FA0C84982041B2D5000BA2F5 /* Products */ = {
			isa = PBXGroup;
			children = (
				FA0C84972041B2D5000BA2F5 /* Scheduling.app */,
			);
			name = Products;
			sourceTree = "<group>";
		};
		FA0C84992041B2D5000BA2F5 /* Scheduling */ = {
			isa = PBXGroup;
			children = (
				FA0C849A2041B2D5000BA2F5 /* AppDelegate.swift */,
				FA0C84A02041B2D5000BA2F5 /* Main.storyboard */,
				FA0C84A32041B2D7000BA2F5 /* Assets.xcassets */,
				FA0C84A52041B2D7000BA2F5 /* LaunchScreen.storyboard */,
				FA0C84A82041B2D7000BA2F5 /* Info.plist */,
				FA0C84AE2041E95B000BA2F5 /* SearchTableViewController.swift */,
				FA0C84B02041E9AE000BA2F5 /* MessagesTableViewController.swift */,
				FA0C84B22041E9F8000BA2F5 /* ProfileViewController.swift */,
			);
			path = Scheduling;
			sourceTree = "<group>";
		};
/* End PBXGroup section */

/* Begin PBXNativeTarget section */
		FA0C84962041B2D4000BA2F5 /* Scheduling */ = {
			isa = PBXNativeTarget;
			buildConfigurationList = FA0C84AB2041B2D7000BA2F5 /* Build configuration list for PBXNativeTarget "Scheduling" */;
			buildPhases = (
				FA0C84932041B2D4000BA2F5 /* Sources */,
				FA0C84942041B2D4000BA2F5 /* Frameworks */,
				FA0C84952041B2D4000BA2F5 /* Resources */,
			);
			buildRules = (
			);
			dependencies = (
			);
			name = Scheduling;
			productName = Scheduling;
			productReference = FA0C84972041B2D5000BA2F5 /* Scheduling.app */;
			productType = "com.apple.product-type.application";
		};
/* End PBXNativeTarget section */

/* Begin PBXProject section */
		FA0C848F2041B2D4000BA2F5 /* Project object */ = {
			isa = PBXProject;
			attributes = {
				LastSwiftUpdateCheck = 0930;
				LastUpgradeCheck = 0930;
				ORGANIZATIONNAME = Aksiniya;
				TargetAttributes = {
					FA0C84962041B2D4000BA2F5 = {
						CreatedOnToolsVersion = 9.3;
					};
				};
			};
			buildConfigurationList = FA0C84922041B2D4000BA2F5 /* Build configuration list for PBXProject "Scheduling" */;
			compatibilityVersion = "Xcode 9.3";
			developmentRegion = en;
			hasScannedForEncodings = 0;
			knownRegions = (
				en,
				Base,
			);
			mainGroup = FA0C848E2041B2D4000BA2F5;
			productRefGroup = FA0C84982041B2D5000BA2F5 /* Products */;
			projectDirPath = "";
			projectRoot = "";
			targets = (
				FA0C84962041B2D4000BA2F5 /* Scheduling */,
			);
		};
/* End PBXProject section */

/* Begin PBXResourcesBuildPhase section */
		FA0C84952041B2D4000BA2F5 /* Resources */ = {
			isa = PBXResourcesBuildPhase;
			buildActionMask = 2147483647;
			files = (
				FA0C84A72041B2D7000BA2F5 /* LaunchScreen.storyboard in Resources */,
				FA0C84A42041B2D7000BA2F5 /* Assets.xcassets in Resources */,
				FA0C84A22041B2D5000BA2F5 /* Main.storyboard in Resources */,
			);
			runOnlyForDeploymentPostprocessing = 0;
		};
/* End PBXResourcesBuildPhase section */

/* Begin PBXSourcesBuildPhase section */
		FA0C84932041B2D4000BA2F5 /* Sources */ = {
			isa = PBXSourcesBuildPhase;
			buildActionMask = 2147483647;
			files = (
				FA0C849B2041B2D5000BA2F5 /* AppDelegate.swift in Sources */,
				FA0C84B12041E9AE000BA2F5 /* MessagesTableViewController.swift in Sources */,
				FA0C84B32041E9F8000BA2F5 /* ProfileViewController.swift in Sources */,
				FA0C84AF2041E95B000BA2F5 /* SearchTableViewController.swift in Sources */,
			);
			runOnlyForDeploymentPostprocessing = 0;
		};
/* End PBXSourcesBuildPhase section */

/* Begin PBXVariantGroup section */
		FA0C84A02041B2D5000BA2F5 /* Main.storyboard */ = {
			isa = PBXVariantGroup;
			children = (
				FA0C84A12041B2D5000BA2F5 /* Base */,
			);
			name = Main.storyboard;
			sourceTree = "<group>";
		};
		FA0C84A52041B2D7000BA2F5 /* LaunchScreen.storyboard */ = {
			isa = PBXVariantGroup;
			children = (
				FA0C84A62041B2D7000BA2F5 /* Base */,
			);
			name = LaunchScreen.storyboard;
			sourceTree = "<group>";
		};
/* End PBXVariantGroup section */

/* Begin XCBuildConfiguration section */
		FA0C84A92041B2D7000BA2F5 /* Debug */ = {
			isa = XCBuildConfiguration;
			buildSettings = {
				ALWAYS_SEARCH_USER_PATHS = NO;
				CLANG_ANALYZER_NONNULL = YES;
				CLANG_ANALYZER_NUMBER_OBJECT_CONVERSION = YES_AGGRESSIVE;
				CLANG_CXX_LANGUAGE_STANDARD = "gnu++14";
				CLANG_CXX_LIBRARY = "libc++";
				CLANG_ENABLE_MODULES = YES;
				CLANG_ENABLE_OBJC_ARC = YES;
				CLANG_ENABLE_OBJC_WEAK = YES;
				CLANG_WARN_BLOCK_CAPTURE_AUTORELEASING = YES;
				CLANG_WARN_BOOL_CONVERSION = YES;
				CLANG_WARN_COMMA = YES;
				CLANG_WARN_CONSTANT_CONVERSION = YES;
				CLANG_WARN_DEPRECATED_OBJC_IMPLEMENTATIONS = YES;
				CLANG_WARN_DIRECT_OBJC_ISA_USAGE = YES_ERROR;
				CLANG_WARN_DOCUMENTATION_COMMENTS = YES;
				CLANG_WARN_EMPTY_BODY = YES;
				CLANG_WARN_ENUM_CONVERSION = YES;
				CLANG_WARN_INFINITE_RECURSION = YES;
				CLANG_WARN_INT_CONVERSION = YES;
				CLANG_WARN_NON_LITERAL_NULL_CONVERSION = YES;
				CLANG_WARN_OBJC_IMPLICIT_RETAIN_SELF = YES;
				CLANG_WARN_OBJC_LITERAL_CONVERSION = YES;
				CLANG_WARN_OBJC_ROOT_CLASS = YES_ERROR;
				CLANG_WARN_RANGE_LOOP_ANALYSIS = YES;
				CLANG_WARN_STRICT_PROTOTYPES = YES;
				CLANG_WARN_SUSPICIOUS_MOVE = YES;
				CLANG_WARN_UNGUARDED_AVAILABILITY = YES_AGGRESSIVE;
				CLANG_WARN_UNREACHABLE_CODE = YES;
				CLANG_WARN__DUPLICATE_METHOD_MATCH = YES;
				CODE_SIGN_IDENTITY = "iPhone Developer";
				COPY_PHASE_STRIP = NO;
				DEBUG_INFORMATION_FORMAT = dwarf;
				ENABLE_STRICT_OBJC_MSGSEND = YES;
				ENABLE_TESTABILITY = YES;
				GCC_C_LANGUAGE_STANDARD = gnu11;
				GCC_DYNAMIC_NO_PIC = NO;
				GCC_NO_COMMON_BLOCKS = YES;
				GCC_OPTIMIZATION_LEVEL = 0;
				GCC_PREPROCESSOR_DEFINITIONS = (
					"DEBUG=1",
					"$(inherited)",
				);
				GCC_WARN_64_TO_32_BIT_CONVERSION = YES;
				GCC_WARN_ABOUT_RETURN_TYPE = YES_ERROR;
				GCC_WARN_UNDECLARED_SELECTOR = YES;
				GCC_WARN_UNINITIALIZED_AUTOS = YES_AGGRESSIVE;
				GCC_WARN_UNUSED_FUNCTION = YES;
				GCC_WARN_UNUSED_VARIABLE = YES;
				IPHONEOS_DEPLOYMENT_TARGET = 11.3;
				MTL_ENABLE_DEBUG_INFO = YES;
				ONLY_ACTIVE_ARCH = YES;
				SDKROOT = iphoneos;
				SWIFT_ACTIVE_COMPILATION_CONDITIONS = DEBUG;
				SWIFT_OPTIMIZATION_LEVEL = "-Onone";
			};
			name = Debug;
		};
		FA0C84AA2041B2D7000BA2F5 /* Release */ = {
			isa = XCBuildConfiguration;
			buildSettings = {
				ALWAYS_SEARCH_USER_PATHS = NO;
				CLANG_ANALYZER_NONNULL = YES;
				CLANG_ANALYZER_NUMBER_OBJECT_CONVERSION = YES_AGGRESSIVE;
				CLANG_CXX_LANGUAGE_STANDARD = "gnu++14";
				CLANG_CXX_LIBRARY = "libc++";
				CLANG_ENABLE_MODULES = YES;
				CLANG_ENABLE_OBJC_ARC = YES;
				CLANG_ENABLE_OBJC_WEAK = YES;
				CLANG_WARN_BLOCK_CAPTURE_AUTORELEASING = YES;
				CLANG_WARN_BOOL_CONVERSION = YES;
				CLANG_WARN_COMMA = YES;
				CLANG_WARN_CONSTANT_CONVERSION = YES;
				CLANG_WARN_DEPRECATED_OBJC_IMPLEMENTATIONS = YES;
				CLANG_WARN_DIRECT_OBJC_ISA_USAGE = YES_ERROR;
				CLANG_WARN_DOCUMENTATION_COMMENTS = YES;
				CLANG_WARN_EMPTY_BODY = YES;
				CLANG_WARN_ENUM_CONVERSION = YES;
				CLANG_WARN_INFINITE_RECURSION = YES;
				CLANG_WARN_INT_CONVERSION = YES;
				CLANG_WARN_NON_LITERAL_NULL_CONVERSION = YES;
				CLANG_WARN_OBJC_IMPLICIT_RETAIN_SELF = YES;
				CLANG_WARN_OBJC_LITERAL_CONVERSION = YES;
				CLANG_WARN_OBJC_ROOT_CLASS = YES_ERROR;
				CLANG_WARN_RANGE_LOOP_ANALYSIS = YES;
				CLANG_WARN_STRICT_PROTOTYPES = YES;
				CLANG_WARN_SUSPICIOUS_MOVE = YES;
				CLANG_WARN_UNGUARDED_AVAILABILITY = YES_AGGRESSIVE;
				CLANG_WARN_UNREACHABLE_CODE = YES;
				CLANG_WARN__DUPLICATE_METHOD_MATCH = YES;
				CODE_SIGN_IDENTITY = "iPhone Developer";
				COPY_PHASE_STRIP = NO;
				DEBUG_INFORMATION_FORMAT = "dwarf-with-dsym";
				ENABLE_NS_ASSERTIONS = NO;
				ENABLE_STRICT_OBJC_MSGSEND = YES;
				GCC_C_LANGUAGE_STANDARD = gnu11;
				GCC_NO_COMMON_BLOCKS = YES;
				GCC_WARN_64_TO_32_BIT_CONVERSION = YES;
				GCC_WARN_ABOUT_RETURN_TYPE = YES_ERROR;
				GCC_WARN_UNDECLARED_SELECTOR = YES;
				GCC_WARN_UNINITIALIZED_AUTOS = YES_AGGRESSIVE;
				GCC_WARN_UNUSED_FUNCTION = YES;
				GCC_WARN_UNUSED_VARIABLE = YES;
				IPHONEOS_DEPLOYMENT_TARGET = 11.3;
				MTL_ENABLE_DEBUG_INFO = NO;
				SDKROOT = iphoneos;
				SWIFT_COMPILATION_MODE = wholemodule;
				SWIFT_OPTIMIZATION_LEVEL = "-O";
				VALIDATE_PRODUCT = YES;
			};
			name = Release;
		};
		FA0C84AC2041B2D7000BA2F5 /* Debug */ = {
			isa = XCBuildConfiguration;
			buildSettings = {
				ASSETCATALOG_COMPILER_APPICON_NAME = AppIcon;
				CODE_SIGN_STYLE = Automatic;
				DEVELOPMENT_TEAM = 3WS633S2WV;
				INFOPLIST_FILE = Scheduling/Info.plist;
				LD_RUNPATH_SEARCH_PATHS = (
					"$(inherited)",
					"@executable_path/Frameworks",
				);
				PRODUCT_BUNDLE_IDENTIFIER = Technopark.Scheduling;
				PRODUCT_NAME = "$(TARGET_NAME)";
				SWIFT_VERSION = 4.0;
				TARGETED_DEVICE_FAMILY = "1,2";
			};
			name = Debug;
		};
		FA0C84AD2041B2D7000BA2F5 /* Release */ = {
			isa = XCBuildConfiguration;
			buildSettings = {
				ASSETCATALOG_COMPILER_APPICON_NAME = AppIcon;
				CODE_SIGN_STYLE = Automatic;
				DEVELOPMENT_TEAM = 3WS633S2WV;
				INFOPLIST_FILE = Scheduling/Info.plist;
				LD_RUNPATH_SEARCH_PATHS = (
					"$(inherited)",
					"@executable_path/Frameworks",
				);
				PRODUCT_BUNDLE_IDENTIFIER = Technopark.Scheduling;
				PRODUCT_NAME = "$(TARGET_NAME)";
				SWIFT_VERSION = 4.0;
				TARGETED_DEVICE_FAMILY = "1,2";
			};
			name = Release;
		};
/* End XCBuildConfiguration section */

/* Begin XCConfigurationList section */
		FA0C84922041B2D4000BA2F5 /* Build configuration list for PBXProject "Scheduling" */ = {
			isa = XCConfigurationList;
			buildConfigurations = (
				FA0C84A92041B2D7000BA2F5 /* Debug */,
				FA0C84AA2041B2D7000BA2F5 /* Release */,
			);
			defaultConfigurationIsVisible = 0;
			defaultConfigurationName = Release;
		};
		FA0C84AB2041B2D7000BA2F5 /* Build configuration list for PBXNativeTarget "Scheduling" */ = {
			isa = XCConfigurationList;
			buildConfigurations = (
				FA0C84AC2041B2D7000BA2F5 /* Debug */,
				FA0C84AD2041B2D7000BA2F5 /* Release */,
			);
			defaultConfigurationIsVisible = 0;
			defaultConfigurationName = Release;
		};
/* End XCConfigurationList section */
	};
	rootObject = FA0C848F2041B2D4000BA2F5 /* Project object */;
}
