// !$*UTF8*$!
{
	archiveVersion = 1;
	classes = {
	};
	objectVersion = 48;
	objects = {

/* Begin PBXBuildFile section */
		F85AF2B32091EB7D009387BD /* UIViewExtrnsions.swift in Sources */ = {isa = PBXBuildFile; fileRef = F85AF2B22091EB7D009387BD /* UIViewExtrnsions.swift */; };
		F868BB96208E078100D53921 /* Keychain.swift in Sources */ = {isa = PBXBuildFile; fileRef = F868BB95208E078100D53921 /* Keychain.swift */; };
		F8854AA420A3794E00AF7FE5 /* SalonRegisterViewController.swift in Sources */ = {isa = PBXBuildFile; fileRef = F8854AA320A3794E00AF7FE5 /* SalonRegisterViewController.swift */; };
		F8EC03BB208BADF5003B5CB0 /* InitialViewController.swift in Sources */ = {isa = PBXBuildFile; fileRef = F8EC03BA208BADF5003B5CB0 /* InitialViewController.swift */; };
		F8F129B9206A64AF00AD8594 /* LoginViewController.swift in Sources */ = {isa = PBXBuildFile; fileRef = F8F129B8206A64AF00AD8594 /* LoginViewController.swift */; };
		F8F129BB206A667B00AD8594 /* RegisterViewController.swift in Sources */ = {isa = PBXBuildFile; fileRef = F8F129BA206A667B00AD8594 /* RegisterViewController.swift */; };
		FA07D6F020B2C3D800D10ADE /* UIViewControllerExtensions.swift in Sources */ = {isa = PBXBuildFile; fileRef = FA07D6EF20B2C3D800D10ADE /* UIViewControllerExtensions.swift */; };
		FA07D6F320B2D63A00D10ADE /* ClientRegisterTableViewController.swift in Sources */ = {isa = PBXBuildFile; fileRef = FA07D6F220B2D63A00D10ADE /* ClientRegisterTableViewController.swift */; };
		FA07D6F720B2D72C00D10ADE /* ButtonTableViewCell.swift in Sources */ = {isa = PBXBuildFile; fileRef = FA07D6F520B2D72C00D10ADE /* ButtonTableViewCell.swift */; };
		FA07D6F820B2D72C00D10ADE /* ButtonTableViewCell.xib in Resources */ = {isa = PBXBuildFile; fileRef = FA07D6F620B2D72C00D10ADE /* ButtonTableViewCell.xib */; };
		FA0C849B2041B2D5000BA2F5 /* AppDelegate.swift in Sources */ = {isa = PBXBuildFile; fileRef = FA0C849A2041B2D5000BA2F5 /* AppDelegate.swift */; };
		FA0C84A22041B2D5000BA2F5 /* Main.storyboard in Resources */ = {isa = PBXBuildFile; fileRef = FA0C84A02041B2D5000BA2F5 /* Main.storyboard */; };
		FA0C84A42041B2D7000BA2F5 /* Assets.xcassets in Resources */ = {isa = PBXBuildFile; fileRef = FA0C84A32041B2D7000BA2F5 /* Assets.xcassets */; };
		FA0C84A72041B2D7000BA2F5 /* LaunchScreen.storyboard in Resources */ = {isa = PBXBuildFile; fileRef = FA0C84A52041B2D7000BA2F5 /* LaunchScreen.storyboard */; };
		FA0C84AF2041E95B000BA2F5 /* SearchTableViewController.swift in Sources */ = {isa = PBXBuildFile; fileRef = FA0C84AE2041E95B000BA2F5 /* SearchTableViewController.swift */; };
		FA0F43712090D00A00508B8B /* AddRequestDescriptionTableViewCell.swift in Sources */ = {isa = PBXBuildFile; fileRef = FA0F436F2090D00A00508B8B /* AddRequestDescriptionTableViewCell.swift */; };
		FA0F43722090D00A00508B8B /* AddRequestDescriptionTableViewCell.xib in Resources */ = {isa = PBXBuildFile; fileRef = FA0F43702090D00A00508B8B /* AddRequestDescriptionTableViewCell.xib */; };
		FA0F43752090D0A100508B8B /* AddRequestTableViewCell.swift in Sources */ = {isa = PBXBuildFile; fileRef = FA0F43732090D0A100508B8B /* AddRequestTableViewCell.swift */; };
		FA0F43762090D0A100508B8B /* AddRequestTableViewCell.xib in Resources */ = {isa = PBXBuildFile; fileRef = FA0F43742090D0A100508B8B /* AddRequestTableViewCell.xib */; };
		FA1B74BA208DEAD3009A10C8 /* RequestsTableViewController.swift in Sources */ = {isa = PBXBuildFile; fileRef = FA1B74B9208DEAD3009A10C8 /* RequestsTableViewController.swift */; };
		FA1B74BC208DEAE7009A10C8 /* Requests.storyboard in Resources */ = {isa = PBXBuildFile; fileRef = FA1B74BB208DEAE7009A10C8 /* Requests.storyboard */; };
		FA1B74C1208DEB43009A10C8 /* SalonRequestTableViewCell.swift in Sources */ = {isa = PBXBuildFile; fileRef = FA1B74BF208DEB43009A10C8 /* SalonRequestTableViewCell.swift */; };
		FA1B74C2208DEB43009A10C8 /* SalonRequestTableViewCell.xib in Resources */ = {isa = PBXBuildFile; fileRef = FA1B74C0208DEB43009A10C8 /* SalonRequestTableViewCell.xib */; };
		FA1C71E920A9AA3100961484 /* NameEditingDisclosureTableViewCell.swift in Sources */ = {isa = PBXBuildFile; fileRef = FA1C71E720A9AA3100961484 /* NameEditingDisclosureTableViewCell.swift */; };
		FA1C71EA20A9AA3100961484 /* NameEditingDisclosureTableViewCell.xib in Resources */ = {isa = PBXBuildFile; fileRef = FA1C71E820A9AA3100961484 /* NameEditingDisclosureTableViewCell.xib */; };
		FA46A6C8207E772A0094FF0C /* SearchServiceInSalonCellTableViewCell.swift in Sources */ = {isa = PBXBuildFile; fileRef = FA46A6C6207E772A0094FF0C /* SearchServiceInSalonCellTableViewCell.swift */; };
		FA46A6C9207E772A0094FF0C /* SearchServiceInSalonCellTableViewCell.xib in Resources */ = {isa = PBXBuildFile; fileRef = FA46A6C7207E772A0094FF0C /* SearchServiceInSalonCellTableViewCell.xib */; };
		FA46A6CB207E79860094FF0C /* SearchSalonTableViewController.swift in Sources */ = {isa = PBXBuildFile; fileRef = FA46A6CA207E79860094FF0C /* SearchSalonTableViewController.swift */; };
		FA487BF1206E45A4008B87C4 /* SetWorkTimeForDayTableViewCell.swift in Sources */ = {isa = PBXBuildFile; fileRef = FA487BEF206E45A4008B87C4 /* SetWorkTimeForDayTableViewCell.swift */; };
		FA487BF2206E45A4008B87C4 /* SetWorkTimeForDayTableViewCell.xib in Resources */ = {isa = PBXBuildFile; fileRef = FA487BF0206E45A4008B87C4 /* SetWorkTimeForDayTableViewCell.xib */; };
		FA52964B207BC09400668FDA /* ProfileSettingsTableViewController.swift in Sources */ = {isa = PBXBuildFile; fileRef = FA52964A207BC09400668FDA /* ProfileSettingsTableViewController.swift */; };
		FA571DF7206684D40078DF9A /* TextFieldTableViewCell.swift in Sources */ = {isa = PBXBuildFile; fileRef = FA571DF5206684D40078DF9A /* TextFieldTableViewCell.swift */; };
		FA571DF8206684D40078DF9A /* TextFieldTableViewCell.xib in Resources */ = {isa = PBXBuildFile; fileRef = FA571DF6206684D40078DF9A /* TextFieldTableViewCell.xib */; };
		FA571DFB206685110078DF9A /* DescriptionTableViewCell.swift in Sources */ = {isa = PBXBuildFile; fileRef = FA571DF9206685110078DF9A /* DescriptionTableViewCell.swift */; };
		FA571DFC206685110078DF9A /* DescriptionTableViewCell.xib in Resources */ = {isa = PBXBuildFile; fileRef = FA571DFA206685110078DF9A /* DescriptionTableViewCell.xib */; };
		FA571DFF2066856E0078DF9A /* PriceTableViewCell.swift in Sources */ = {isa = PBXBuildFile; fileRef = FA571DFD2066856E0078DF9A /* PriceTableViewCell.swift */; };
		FA571E002066856E0078DF9A /* PriceTableViewCell.xib in Resources */ = {isa = PBXBuildFile; fileRef = FA571DFE2066856E0078DF9A /* PriceTableViewCell.xib */; };
		FA571E032066862A0078DF9A /* ListAndAddTableViewCell.swift in Sources */ = {isa = PBXBuildFile; fileRef = FA571E012066862A0078DF9A /* ListAndAddTableViewCell.swift */; };
		FA571E042066862A0078DF9A /* ListAndAddTableViewCell.xib in Resources */ = {isa = PBXBuildFile; fileRef = FA571E022066862A0078DF9A /* ListAndAddTableViewCell.xib */; };
		FA571E07206686740078DF9A /* NameWithDisclosureIndicatorTableViewCell.swift in Sources */ = {isa = PBXBuildFile; fileRef = FA571E05206686740078DF9A /* NameWithDisclosureIndicatorTableViewCell.swift */; };
		FA571E08206686740078DF9A /* NameWithDisclosureIndicatorTableViewCell.xib in Resources */ = {isa = PBXBuildFile; fileRef = FA571E06206686740078DF9A /* NameWithDisclosureIndicatorTableViewCell.xib */; };
		FA57C5712087C7920047DF1C /* Profile.storyboard in Resources */ = {isa = PBXBuildFile; fileRef = FA57C5702087C7920047DF1C /* Profile.storyboard */; };
		FA5B30B2206BF7D50083BFA9 /* test data.swift in Sources */ = {isa = PBXBuildFile; fileRef = FA5B30B1206BF7D50083BFA9 /* test data.swift */; };
		FA655334207E591F00171326 /* SearchSalonsInCityTableViewController.swift in Sources */ = {isa = PBXBuildFile; fileRef = FA655333207E591F00171326 /* SearchSalonsInCityTableViewController.swift */; };
		FA655337207E6F3500171326 /* SearchSalonTableViewCell.swift in Sources */ = {isa = PBXBuildFile; fileRef = FA655335207E6F3500171326 /* SearchSalonTableViewCell.swift */; };
		FA655338207E6F3500171326 /* SearchSalonTableViewCell.xib in Resources */ = {isa = PBXBuildFile; fileRef = FA655336207E6F3500171326 /* SearchSalonTableViewCell.xib */; };
		FA77C97E207FA9EF00580352 /* SearchServiceInSalonTableViewController.swift in Sources */ = {isa = PBXBuildFile; fileRef = FA77C97D207FA9EF00580352 /* SearchServiceInSalonTableViewController.swift */; };
		FA77C980208127B500580352 /* SearchScheduleOfMasterPageViewController.swift in Sources */ = {isa = PBXBuildFile; fileRef = FA77C97F208127B500580352 /* SearchScheduleOfMasterPageViewController.swift */; };
		FA77C986208209AF00580352 /* ScheduleTableViewController.swift in Sources */ = {isa = PBXBuildFile; fileRef = FA77C985208209AF00580352 /* ScheduleTableViewController.swift */; };
		FA77C98920820CC200580352 /* ScheduleTimeTableViewCell.swift in Sources */ = {isa = PBXBuildFile; fileRef = FA77C98720820CC200580352 /* ScheduleTimeTableViewCell.swift */; };
		FA77C98A20820CC200580352 /* ScheduleTimeTableViewCell.xib in Resources */ = {isa = PBXBuildFile; fileRef = FA77C98820820CC200580352 /* ScheduleTimeTableViewCell.xib */; };
		FA7DC8062087C3630017892A /* Search.storyboard in Resources */ = {isa = PBXBuildFile; fileRef = FA7DC8052087C3630017892A /* Search.storyboard */; };
		FA8A23E3206A865B000C4EEA /* SalonDescriptionTableViewCell.swift in Sources */ = {isa = PBXBuildFile; fileRef = FA8A23E1206A865B000C4EEA /* SalonDescriptionTableViewCell.swift */; };
		FA8A23E4206A865B000C4EEA /* SalonDescriptionTableViewCell.xib in Resources */ = {isa = PBXBuildFile; fileRef = FA8A23E2206A865B000C4EEA /* SalonDescriptionTableViewCell.xib */; };
		FA8A23E6206A8C18000C4EEA /* ProfileSalonTableViewController.swift in Sources */ = {isa = PBXBuildFile; fileRef = FA8A23E5206A8C18000C4EEA /* ProfileSalonTableViewController.swift */; };
		FA9BDE59206C14890068A86E /* ProfileMastersListTableViewController.swift in Sources */ = {isa = PBXBuildFile; fileRef = FA9BDE58206C14890068A86E /* ProfileMastersListTableViewController.swift */; };
		FA9BDE5B206C17220068A86E /* ProfileAddNewMasterTableViewController.swift in Sources */ = {isa = PBXBuildFile; fileRef = FA9BDE5A206C17220068A86E /* ProfileAddNewMasterTableViewController.swift */; };
		FA9BDE5E206DEE510068A86E /* NameLabelTableViewCell.swift in Sources */ = {isa = PBXBuildFile; fileRef = FA9BDE5C206DEE510068A86E /* NameLabelTableViewCell.swift */; };
		FA9BDE5F206DEE510068A86E /* NameLabelTableViewCell.xib in Resources */ = {isa = PBXBuildFile; fileRef = FA9BDE5D206DEE510068A86E /* NameLabelTableViewCell.xib */; };
		FA9BDE62206DF1550068A86E /* NameWithSwitchTableViewCell.swift in Sources */ = {isa = PBXBuildFile; fileRef = FA9BDE60206DF1550068A86E /* NameWithSwitchTableViewCell.swift */; };
		FA9BDE63206DF1550068A86E /* NameWithSwitchTableViewCell.xib in Resources */ = {isa = PBXBuildFile; fileRef = FA9BDE61206DF1550068A86E /* NameWithSwitchTableViewCell.xib */; };
		FA9BDE66206DF2390068A86E /* SegmentedControlTableViewCell.swift in Sources */ = {isa = PBXBuildFile; fileRef = FA9BDE64206DF2390068A86E /* SegmentedControlTableViewCell.swift */; };
		FA9BDE67206DF2390068A86E /* SegmentedControlTableViewCell.xib in Resources */ = {isa = PBXBuildFile; fileRef = FA9BDE65206DF2390068A86E /* SegmentedControlTableViewCell.xib */; };
		FA9BDE6A206DF6120068A86E /* SetTimeOfWorkDayTableViewCell.swift in Sources */ = {isa = PBXBuildFile; fileRef = FA9BDE68206DF6120068A86E /* SetTimeOfWorkDayTableViewCell.swift */; };
		FA9BDE6B206DF6120068A86E /* SetTimeOfWorkDayTableViewCell.xib in Resources */ = {isa = PBXBuildFile; fileRef = FA9BDE69206DF6120068A86E /* SetTimeOfWorkDayTableViewCell.xib */; };
		FAA11D92207C76CC00B42B66 /* ProfileClientDescriptionTableViewCell.swift in Sources */ = {isa = PBXBuildFile; fileRef = FAA11D90207C76CC00B42B66 /* ProfileClientDescriptionTableViewCell.swift */; };
		FAA11D93207C76CC00B42B66 /* ProfileClientDescriptionTableViewCell.xib in Resources */ = {isa = PBXBuildFile; fileRef = FAA11D91207C76CC00B42B66 /* ProfileClientDescriptionTableViewCell.xib */; };
		FAA11D95207C7A0600B42B66 /* ProfileClientTableViewController.swift in Sources */ = {isa = PBXBuildFile; fileRef = FAA11D94207C7A0600B42B66 /* ProfileClientTableViewController.swift */; };
		FAA11D98207C88BF00B42B66 /* ClientAppointmentTableViewCell.swift in Sources */ = {isa = PBXBuildFile; fileRef = FAA11D96207C88BF00B42B66 /* ClientAppointmentTableViewCell.swift */; };
		FAA11D99207C88BF00B42B66 /* ClientAppointmentTableViewCell.xib in Resources */ = {isa = PBXBuildFile; fileRef = FAA11D97207C88BF00B42B66 /* ClientAppointmentTableViewCell.xib */; };
		FAA83E9020B045A500EE105A /* StringExtensions.swift in Sources */ = {isa = PBXBuildFile; fileRef = FAA83E8F20B045A500EE105A /* StringExtensions.swift */; };
		FAAE1A83204EB10E00AE14C7 /* test classes.swift in Sources */ = {isa = PBXBuildFile; fileRef = FAAE1A82204EB10E00AE14C7 /* test classes.swift */; };
		FAB9FD7C208EE0F50093AB39 /* ProfileViewViewController.swift in Sources */ = {isa = PBXBuildFile; fileRef = FAB9FD7B208EE0F50093AB39 /* ProfileViewViewController.swift */; };
		FABC54C3208AF1ED00FBF17F /* WeekDescriptionTableViewCell.swift in Sources */ = {isa = PBXBuildFile; fileRef = FABC54C1208AF1ED00FBF17F /* WeekDescriptionTableViewCell.swift */; };
		FABC54C4208AF1ED00FBF17F /* WeekDescriptionTableViewCell.xib in Resources */ = {isa = PBXBuildFile; fileRef = FABC54C2208AF1ED00FBF17F /* WeekDescriptionTableViewCell.xib */; };
		FAC1943E20601ED300188BDA /* loadData.swift in Sources */ = {isa = PBXBuildFile; fileRef = FAC1943D20601ED300188BDA /* loadData.swift */; };
		FADADAFF2066CBAB00956F15 /* ProfileAddNewServiceTableViewController.swift in Sources */ = {isa = PBXBuildFile; fileRef = FADADAFE2066CBAB00956F15 /* ProfileAddNewServiceTableViewController.swift */; };
		FAE3C30B208243E7006C7783 /* WorkDayDescriptionTableViewCell.swift in Sources */ = {isa = PBXBuildFile; fileRef = FAE3C309208243E7006C7783 /* WorkDayDescriptionTableViewCell.swift */; };
		FAE3C30C208243E7006C7783 /* WorkDayDescriptionTableViewCell.xib in Resources */ = {isa = PBXBuildFile; fileRef = FAE3C30A208243E7006C7783 /* WorkDayDescriptionTableViewCell.xib */; };
		FAE829CD20964DE700D34DB7 /* CreateRequestTableViewController.swift in Sources */ = {isa = PBXBuildFile; fileRef = FAE829CC20964DE700D34DB7 /* CreateRequestTableViewController.swift */; };
		FAFF867920B2FA0C006BC03E /* SalonRegisterTableViewController.swift in Sources */ = {isa = PBXBuildFile; fileRef = FAFF867820B2FA0C006BC03E /* SalonRegisterTableViewController.swift */; };
/* End PBXBuildFile section */

/* Begin PBXFileReference section */
		F85AF2B22091EB7D009387BD /* UIViewExtrnsions.swift */ = {isa = PBXFileReference; lastKnownFileType = sourcecode.swift; path = UIViewExtrnsions.swift; sourceTree = "<group>"; };
		F868BB95208E078100D53921 /* Keychain.swift */ = {isa = PBXFileReference; lastKnownFileType = sourcecode.swift; path = Keychain.swift; sourceTree = "<group>"; };
		F8854AA320A3794E00AF7FE5 /* SalonRegisterViewController.swift */ = {isa = PBXFileReference; lastKnownFileType = sourcecode.swift; path = SalonRegisterViewController.swift; sourceTree = "<group>"; };
		F8EC03BA208BADF5003B5CB0 /* InitialViewController.swift */ = {isa = PBXFileReference; lastKnownFileType = sourcecode.swift; path = InitialViewController.swift; sourceTree = "<group>"; };
		F8F129B8206A64AF00AD8594 /* LoginViewController.swift */ = {isa = PBXFileReference; lastKnownFileType = sourcecode.swift; path = LoginViewController.swift; sourceTree = "<group>"; };
		F8F129BA206A667B00AD8594 /* RegisterViewController.swift */ = {isa = PBXFileReference; lastKnownFileType = sourcecode.swift; path = RegisterViewController.swift; sourceTree = "<group>"; };
		FA07D6EF20B2C3D800D10ADE /* UIViewControllerExtensions.swift */ = {isa = PBXFileReference; lastKnownFileType = sourcecode.swift; path = UIViewControllerExtensions.swift; sourceTree = "<group>"; };
		FA07D6F220B2D63A00D10ADE /* ClientRegisterTableViewController.swift */ = {isa = PBXFileReference; lastKnownFileType = sourcecode.swift; path = ClientRegisterTableViewController.swift; sourceTree = "<group>"; };
		FA07D6F520B2D72C00D10ADE /* ButtonTableViewCell.swift */ = {isa = PBXFileReference; lastKnownFileType = sourcecode.swift; path = ButtonTableViewCell.swift; sourceTree = "<group>"; };
		FA07D6F620B2D72C00D10ADE /* ButtonTableViewCell.xib */ = {isa = PBXFileReference; lastKnownFileType = file.xib; path = ButtonTableViewCell.xib; sourceTree = "<group>"; };
		FA0C84972041B2D5000BA2F5 /* Scheduling.app */ = {isa = PBXFileReference; explicitFileType = wrapper.application; includeInIndex = 0; path = Scheduling.app; sourceTree = BUILT_PRODUCTS_DIR; };
		FA0C849A2041B2D5000BA2F5 /* AppDelegate.swift */ = {isa = PBXFileReference; lastKnownFileType = sourcecode.swift; path = AppDelegate.swift; sourceTree = "<group>"; };
		FA0C84A12041B2D5000BA2F5 /* Base */ = {isa = PBXFileReference; lastKnownFileType = file.storyboard; name = Base; path = Base.lproj/Main.storyboard; sourceTree = "<group>"; };
		FA0C84A32041B2D7000BA2F5 /* Assets.xcassets */ = {isa = PBXFileReference; lastKnownFileType = folder.assetcatalog; path = Assets.xcassets; sourceTree = "<group>"; };
		FA0C84A62041B2D7000BA2F5 /* Base */ = {isa = PBXFileReference; lastKnownFileType = file.storyboard; name = Base; path = Base.lproj/LaunchScreen.storyboard; sourceTree = "<group>"; };
		FA0C84A82041B2D7000BA2F5 /* Info.plist */ = {isa = PBXFileReference; lastKnownFileType = text.plist.xml; path = Info.plist; sourceTree = "<group>"; };
		FA0C84AE2041E95B000BA2F5 /* SearchTableViewController.swift */ = {isa = PBXFileReference; lastKnownFileType = sourcecode.swift; path = SearchTableViewController.swift; sourceTree = "<group>"; };
		FA0F436F2090D00A00508B8B /* AddRequestDescriptionTableViewCell.swift */ = {isa = PBXFileReference; lastKnownFileType = sourcecode.swift; path = AddRequestDescriptionTableViewCell.swift; sourceTree = "<group>"; };
		FA0F43702090D00A00508B8B /* AddRequestDescriptionTableViewCell.xib */ = {isa = PBXFileReference; lastKnownFileType = file.xib; path = AddRequestDescriptionTableViewCell.xib; sourceTree = "<group>"; };
		FA0F43732090D0A100508B8B /* AddRequestTableViewCell.swift */ = {isa = PBXFileReference; lastKnownFileType = sourcecode.swift; path = AddRequestTableViewCell.swift; sourceTree = "<group>"; };
		FA0F43742090D0A100508B8B /* AddRequestTableViewCell.xib */ = {isa = PBXFileReference; lastKnownFileType = file.xib; path = AddRequestTableViewCell.xib; sourceTree = "<group>"; };
		FA1B74B9208DEAD3009A10C8 /* RequestsTableViewController.swift */ = {isa = PBXFileReference; lastKnownFileType = sourcecode.swift; path = RequestsTableViewController.swift; sourceTree = "<group>"; };
		FA1B74BB208DEAE7009A10C8 /* Requests.storyboard */ = {isa = PBXFileReference; lastKnownFileType = file.storyboard; path = Requests.storyboard; sourceTree = "<group>"; };
		FA1B74BF208DEB43009A10C8 /* SalonRequestTableViewCell.swift */ = {isa = PBXFileReference; lastKnownFileType = sourcecode.swift; path = SalonRequestTableViewCell.swift; sourceTree = "<group>"; };
		FA1B74C0208DEB43009A10C8 /* SalonRequestTableViewCell.xib */ = {isa = PBXFileReference; lastKnownFileType = file.xib; path = SalonRequestTableViewCell.xib; sourceTree = "<group>"; };
		FA1C71E720A9AA3100961484 /* NameEditingDisclosureTableViewCell.swift */ = {isa = PBXFileReference; lastKnownFileType = sourcecode.swift; path = NameEditingDisclosureTableViewCell.swift; sourceTree = "<group>"; };
		FA1C71E820A9AA3100961484 /* NameEditingDisclosureTableViewCell.xib */ = {isa = PBXFileReference; lastKnownFileType = file.xib; path = NameEditingDisclosureTableViewCell.xib; sourceTree = "<group>"; };
		FA46A6C6207E772A0094FF0C /* SearchServiceInSalonCellTableViewCell.swift */ = {isa = PBXFileReference; lastKnownFileType = sourcecode.swift; path = SearchServiceInSalonCellTableViewCell.swift; sourceTree = "<group>"; };
		FA46A6C7207E772A0094FF0C /* SearchServiceInSalonCellTableViewCell.xib */ = {isa = PBXFileReference; lastKnownFileType = file.xib; path = SearchServiceInSalonCellTableViewCell.xib; sourceTree = "<group>"; };
		FA46A6CA207E79860094FF0C /* SearchSalonTableViewController.swift */ = {isa = PBXFileReference; lastKnownFileType = sourcecode.swift; path = SearchSalonTableViewController.swift; sourceTree = "<group>"; };
		FA487BEF206E45A4008B87C4 /* SetWorkTimeForDayTableViewCell.swift */ = {isa = PBXFileReference; lastKnownFileType = sourcecode.swift; path = SetWorkTimeForDayTableViewCell.swift; sourceTree = "<group>"; };
		FA487BF0206E45A4008B87C4 /* SetWorkTimeForDayTableViewCell.xib */ = {isa = PBXFileReference; lastKnownFileType = file.xib; path = SetWorkTimeForDayTableViewCell.xib; sourceTree = "<group>"; };
		FA52964A207BC09400668FDA /* ProfileSettingsTableViewController.swift */ = {isa = PBXFileReference; lastKnownFileType = sourcecode.swift; path = ProfileSettingsTableViewController.swift; sourceTree = "<group>"; };
		FA571DF5206684D40078DF9A /* TextFieldTableViewCell.swift */ = {isa = PBXFileReference; lastKnownFileType = sourcecode.swift; path = TextFieldTableViewCell.swift; sourceTree = "<group>"; };
		FA571DF6206684D40078DF9A /* TextFieldTableViewCell.xib */ = {isa = PBXFileReference; lastKnownFileType = file.xib; path = TextFieldTableViewCell.xib; sourceTree = "<group>"; };
		FA571DF9206685110078DF9A /* DescriptionTableViewCell.swift */ = {isa = PBXFileReference; lastKnownFileType = sourcecode.swift; path = DescriptionTableViewCell.swift; sourceTree = "<group>"; };
		FA571DFA206685110078DF9A /* DescriptionTableViewCell.xib */ = {isa = PBXFileReference; lastKnownFileType = file.xib; path = DescriptionTableViewCell.xib; sourceTree = "<group>"; };
		FA571DFD2066856E0078DF9A /* PriceTableViewCell.swift */ = {isa = PBXFileReference; lastKnownFileType = sourcecode.swift; path = PriceTableViewCell.swift; sourceTree = "<group>"; };
		FA571DFE2066856E0078DF9A /* PriceTableViewCell.xib */ = {isa = PBXFileReference; lastKnownFileType = file.xib; path = PriceTableViewCell.xib; sourceTree = "<group>"; };
		FA571E012066862A0078DF9A /* ListAndAddTableViewCell.swift */ = {isa = PBXFileReference; lastKnownFileType = sourcecode.swift; path = ListAndAddTableViewCell.swift; sourceTree = "<group>"; };
		FA571E022066862A0078DF9A /* ListAndAddTableViewCell.xib */ = {isa = PBXFileReference; lastKnownFileType = file.xib; path = ListAndAddTableViewCell.xib; sourceTree = "<group>"; };
		FA571E05206686740078DF9A /* NameWithDisclosureIndicatorTableViewCell.swift */ = {isa = PBXFileReference; lastKnownFileType = sourcecode.swift; path = NameWithDisclosureIndicatorTableViewCell.swift; sourceTree = "<group>"; };
		FA571E06206686740078DF9A /* NameWithDisclosureIndicatorTableViewCell.xib */ = {isa = PBXFileReference; lastKnownFileType = file.xib; path = NameWithDisclosureIndicatorTableViewCell.xib; sourceTree = "<group>"; };
		FA57C5702087C7920047DF1C /* Profile.storyboard */ = {isa = PBXFileReference; fileEncoding = 4; lastKnownFileType = file.storyboard; path = Profile.storyboard; sourceTree = "<group>"; };
		FA5B30B1206BF7D50083BFA9 /* test data.swift */ = {isa = PBXFileReference; lastKnownFileType = sourcecode.swift; path = "test data.swift"; sourceTree = "<group>"; };
		FA655333207E591F00171326 /* SearchSalonsInCityTableViewController.swift */ = {isa = PBXFileReference; lastKnownFileType = sourcecode.swift; path = SearchSalonsInCityTableViewController.swift; sourceTree = "<group>"; };
		FA655335207E6F3500171326 /* SearchSalonTableViewCell.swift */ = {isa = PBXFileReference; lastKnownFileType = sourcecode.swift; path = SearchSalonTableViewCell.swift; sourceTree = "<group>"; };
		FA655336207E6F3500171326 /* SearchSalonTableViewCell.xib */ = {isa = PBXFileReference; lastKnownFileType = file.xib; path = SearchSalonTableViewCell.xib; sourceTree = "<group>"; };
		FA77C97D207FA9EF00580352 /* SearchServiceInSalonTableViewController.swift */ = {isa = PBXFileReference; lastKnownFileType = sourcecode.swift; path = SearchServiceInSalonTableViewController.swift; sourceTree = "<group>"; };
		FA77C97F208127B500580352 /* SearchScheduleOfMasterPageViewController.swift */ = {isa = PBXFileReference; lastKnownFileType = sourcecode.swift; path = SearchScheduleOfMasterPageViewController.swift; sourceTree = "<group>"; };
		FA77C985208209AF00580352 /* ScheduleTableViewController.swift */ = {isa = PBXFileReference; lastKnownFileType = sourcecode.swift; path = ScheduleTableViewController.swift; sourceTree = "<group>"; };
		FA77C98720820CC200580352 /* ScheduleTimeTableViewCell.swift */ = {isa = PBXFileReference; lastKnownFileType = sourcecode.swift; path = ScheduleTimeTableViewCell.swift; sourceTree = "<group>"; };
		FA77C98820820CC200580352 /* ScheduleTimeTableViewCell.xib */ = {isa = PBXFileReference; lastKnownFileType = file.xib; path = ScheduleTimeTableViewCell.xib; sourceTree = "<group>"; };
		FA7DC8052087C3630017892A /* Search.storyboard */ = {isa = PBXFileReference; fileEncoding = 4; lastKnownFileType = file.storyboard; path = Search.storyboard; sourceTree = "<group>"; };
		FA8A23E1206A865B000C4EEA /* SalonDescriptionTableViewCell.swift */ = {isa = PBXFileReference; lastKnownFileType = sourcecode.swift; path = SalonDescriptionTableViewCell.swift; sourceTree = "<group>"; };
		FA8A23E2206A865B000C4EEA /* SalonDescriptionTableViewCell.xib */ = {isa = PBXFileReference; lastKnownFileType = file.xib; path = SalonDescriptionTableViewCell.xib; sourceTree = "<group>"; };
		FA8A23E5206A8C18000C4EEA /* ProfileSalonTableViewController.swift */ = {isa = PBXFileReference; lastKnownFileType = sourcecode.swift; path = ProfileSalonTableViewController.swift; sourceTree = "<group>"; };
		FA9BDE58206C14890068A86E /* ProfileMastersListTableViewController.swift */ = {isa = PBXFileReference; lastKnownFileType = sourcecode.swift; path = ProfileMastersListTableViewController.swift; sourceTree = "<group>"; };
		FA9BDE5A206C17220068A86E /* ProfileAddNewMasterTableViewController.swift */ = {isa = PBXFileReference; lastKnownFileType = sourcecode.swift; path = ProfileAddNewMasterTableViewController.swift; sourceTree = "<group>"; };
		FA9BDE5C206DEE510068A86E /* NameLabelTableViewCell.swift */ = {isa = PBXFileReference; lastKnownFileType = sourcecode.swift; path = NameLabelTableViewCell.swift; sourceTree = "<group>"; };
		FA9BDE5D206DEE510068A86E /* NameLabelTableViewCell.xib */ = {isa = PBXFileReference; lastKnownFileType = file.xib; path = NameLabelTableViewCell.xib; sourceTree = "<group>"; };
		FA9BDE60206DF1550068A86E /* NameWithSwitchTableViewCell.swift */ = {isa = PBXFileReference; lastKnownFileType = sourcecode.swift; path = NameWithSwitchTableViewCell.swift; sourceTree = "<group>"; };
		FA9BDE61206DF1550068A86E /* NameWithSwitchTableViewCell.xib */ = {isa = PBXFileReference; lastKnownFileType = file.xib; path = NameWithSwitchTableViewCell.xib; sourceTree = "<group>"; };
		FA9BDE64206DF2390068A86E /* SegmentedControlTableViewCell.swift */ = {isa = PBXFileReference; lastKnownFileType = sourcecode.swift; path = SegmentedControlTableViewCell.swift; sourceTree = "<group>"; };
		FA9BDE65206DF2390068A86E /* SegmentedControlTableViewCell.xib */ = {isa = PBXFileReference; lastKnownFileType = file.xib; path = SegmentedControlTableViewCell.xib; sourceTree = "<group>"; };
		FA9BDE68206DF6120068A86E /* SetTimeOfWorkDayTableViewCell.swift */ = {isa = PBXFileReference; lastKnownFileType = sourcecode.swift; path = SetTimeOfWorkDayTableViewCell.swift; sourceTree = "<group>"; };
		FA9BDE69206DF6120068A86E /* SetTimeOfWorkDayTableViewCell.xib */ = {isa = PBXFileReference; lastKnownFileType = file.xib; path = SetTimeOfWorkDayTableViewCell.xib; sourceTree = "<group>"; };
		FAA11D90207C76CC00B42B66 /* ProfileClientDescriptionTableViewCell.swift */ = {isa = PBXFileReference; lastKnownFileType = sourcecode.swift; path = ProfileClientDescriptionTableViewCell.swift; sourceTree = "<group>"; };
		FAA11D91207C76CC00B42B66 /* ProfileClientDescriptionTableViewCell.xib */ = {isa = PBXFileReference; lastKnownFileType = file.xib; path = ProfileClientDescriptionTableViewCell.xib; sourceTree = "<group>"; };
		FAA11D94207C7A0600B42B66 /* ProfileClientTableViewController.swift */ = {isa = PBXFileReference; lastKnownFileType = sourcecode.swift; path = ProfileClientTableViewController.swift; sourceTree = "<group>"; };
		FAA11D96207C88BF00B42B66 /* ClientAppointmentTableViewCell.swift */ = {isa = PBXFileReference; lastKnownFileType = sourcecode.swift; path = ClientAppointmentTableViewCell.swift; sourceTree = "<group>"; };
		FAA11D97207C88BF00B42B66 /* ClientAppointmentTableViewCell.xib */ = {isa = PBXFileReference; lastKnownFileType = file.xib; path = ClientAppointmentTableViewCell.xib; sourceTree = "<group>"; };
		FAA83E8F20B045A500EE105A /* StringExtensions.swift */ = {isa = PBXFileReference; lastKnownFileType = sourcecode.swift; path = StringExtensions.swift; sourceTree = "<group>"; };
		FAAE1A82204EB10E00AE14C7 /* test classes.swift */ = {isa = PBXFileReference; lastKnownFileType = sourcecode.swift; path = "test classes.swift"; sourceTree = "<group>"; };
		FAB9FD7B208EE0F50093AB39 /* ProfileViewViewController.swift */ = {isa = PBXFileReference; lastKnownFileType = sourcecode.swift; path = ProfileViewViewController.swift; sourceTree = "<group>"; };
		FABC54C1208AF1ED00FBF17F /* WeekDescriptionTableViewCell.swift */ = {isa = PBXFileReference; lastKnownFileType = sourcecode.swift; path = WeekDescriptionTableViewCell.swift; sourceTree = "<group>"; };
		FABC54C2208AF1ED00FBF17F /* WeekDescriptionTableViewCell.xib */ = {isa = PBXFileReference; lastKnownFileType = file.xib; path = WeekDescriptionTableViewCell.xib; sourceTree = "<group>"; };
		FAC1943D20601ED300188BDA /* loadData.swift */ = {isa = PBXFileReference; lastKnownFileType = sourcecode.swift; path = loadData.swift; sourceTree = "<group>"; };
		FADADAFE2066CBAB00956F15 /* ProfileAddNewServiceTableViewController.swift */ = {isa = PBXFileReference; lastKnownFileType = sourcecode.swift; path = ProfileAddNewServiceTableViewController.swift; sourceTree = "<group>"; };
		FAE3C309208243E7006C7783 /* WorkDayDescriptionTableViewCell.swift */ = {isa = PBXFileReference; lastKnownFileType = sourcecode.swift; path = WorkDayDescriptionTableViewCell.swift; sourceTree = "<group>"; };
		FAE3C30A208243E7006C7783 /* WorkDayDescriptionTableViewCell.xib */ = {isa = PBXFileReference; lastKnownFileType = file.xib; path = WorkDayDescriptionTableViewCell.xib; sourceTree = "<group>"; };
		FAE829CC20964DE700D34DB7 /* CreateRequestTableViewController.swift */ = {isa = PBXFileReference; lastKnownFileType = sourcecode.swift; path = CreateRequestTableViewController.swift; sourceTree = "<group>"; };
		FAFF867820B2FA0C006BC03E /* SalonRegisterTableViewController.swift */ = {isa = PBXFileReference; lastKnownFileType = sourcecode.swift; path = SalonRegisterTableViewController.swift; sourceTree = "<group>"; };
/* End PBXFileReference section */

/* Begin PBXFrameworksBuildPhase section */
		FA0C84942041B2D4000BA2F5 /* Frameworks */ = {
			isa = PBXFrameworksBuildPhase;
			buildActionMask = 2147483647;
			files = (
			);
			runOnlyForDeploymentPostprocessing = 0;
		};
/* End PBXFrameworksBuildPhase section */

/* Begin PBXGroup section */
		F85AF2B12091EB4F009387BD /* Extensions */ = {
			isa = PBXGroup;
			children = (
				F85AF2B22091EB7D009387BD /* UIViewExtrnsions.swift */,
				FAA83E8F20B045A500EE105A /* StringExtensions.swift */,
				FA07D6EF20B2C3D800D10ADE /* UIViewControllerExtensions.swift */,
			);
			path = Extensions;
			sourceTree = "<group>";
		};
		F868BB94208E076300D53921 /* Keychain */ = {
			isa = PBXGroup;
			children = (
				F868BB95208E078100D53921 /* Keychain.swift */,
			);
			path = Keychain;
			sourceTree = "<group>";
		};
		F8F129B7206A649000AD8594 /* AuthGroup */ = {
			isa = PBXGroup;
			children = (
				F8EC03BA208BADF5003B5CB0 /* InitialViewController.swift */,
				F8F129B8206A64AF00AD8594 /* LoginViewController.swift */,
				F8F129BA206A667B00AD8594 /* RegisterViewController.swift */,
				F8854AA320A3794E00AF7FE5 /* SalonRegisterViewController.swift */,
				FA07D6F220B2D63A00D10ADE /* ClientRegisterTableViewController.swift */,
				FAFF867820B2FA0C006BC03E /* SalonRegisterTableViewController.swift */,
				FA07D6F420B2D70E00D10ADE /* TableCells */,
			);
			path = AuthGroup;
			sourceTree = "<group>";
		};
		FA07D6F420B2D70E00D10ADE /* TableCells */ = {
			isa = PBXGroup;
			children = (
				FA07D6F520B2D72C00D10ADE /* ButtonTableViewCell.swift */,
				FA07D6F620B2D72C00D10ADE /* ButtonTableViewCell.xib */,
			);
			path = TableCells;
			sourceTree = "<group>";
		};
		FA0C848E2041B2D4000BA2F5 = {
			isa = PBXGroup;
			children = (
				FA0C84992041B2D5000BA2F5 /* Scheduling */,
				FA0C84982041B2D5000BA2F5 /* Products */,
				FA5B30B0206BEFAC0083BFA9 /* Recovered References */,
			);
			sourceTree = "<group>";
		};
		FA0C84982041B2D5000BA2F5 /* Products */ = {
			isa = PBXGroup;
			children = (
				FA0C84972041B2D5000BA2F5 /* Scheduling.app */,
			);
			name = Products;
			sourceTree = "<group>";
		};
		FA0C84992041B2D5000BA2F5 /* Scheduling */ = {
			isa = PBXGroup;
			children = (
				F85AF2B12091EB4F009387BD /* Extensions */,
				F868BB94208E076300D53921 /* Keychain */,
				FA655332207E52E700171326 /* Common cells */,
				FAAEDCE520599CC900FC4E2A /* Application */,
				FAAE1A81204EB0D400AE14C7 /* test files */,
				F8F129B7206A649000AD8594 /* AuthGroup */,
				FAAEDCE620599D3600FC4E2A /* Search */,
				FA1B74B8208DE8CE009A10C8 /* Requests */,
				FAAEDCE820599D7D00FC4E2A /* Profile */,
			);
			path = Scheduling;
			sourceTree = "<group>";
		};
		FA1B74B8208DE8CE009A10C8 /* Requests */ = {
			isa = PBXGroup;
			children = (
				FA1B74BB208DEAE7009A10C8 /* Requests.storyboard */,
				FA1B74B9208DEAD3009A10C8 /* RequestsTableViewController.swift */,
				FA1B74BF208DEB43009A10C8 /* SalonRequestTableViewCell.swift */,
				FA1B74C0208DEB43009A10C8 /* SalonRequestTableViewCell.xib */,
			);
			path = Requests;
			sourceTree = "<group>";
		};
		FA5B30B0206BEFAC0083BFA9 /* Recovered References */ = {
			isa = PBXGroup;
			children = (
			);
			name = "Recovered References";
			sourceTree = "<group>";
		};
		FA655332207E52E700171326 /* Common cells */ = {
			isa = PBXGroup;
			children = (
				FA9BDE5C206DEE510068A86E /* NameLabelTableViewCell.swift */,
				FA9BDE5D206DEE510068A86E /* NameLabelTableViewCell.xib */,
				FA571E05206686740078DF9A /* NameWithDisclosureIndicatorTableViewCell.swift */,
				FA571E06206686740078DF9A /* NameWithDisclosureIndicatorTableViewCell.xib */,
				FA8A23E1206A865B000C4EEA /* SalonDescriptionTableViewCell.swift */,
				FA8A23E2206A865B000C4EEA /* SalonDescriptionTableViewCell.xib */,
				FA571DF9206685110078DF9A /* DescriptionTableViewCell.swift */,
				FA571DFA206685110078DF9A /* DescriptionTableViewCell.xib */,
				FA571DF5206684D40078DF9A /* TextFieldTableViewCell.swift */,
				FA571DF6206684D40078DF9A /* TextFieldTableViewCell.xib */,
				FA571DFD2066856E0078DF9A /* PriceTableViewCell.swift */,
				FA571DFE2066856E0078DF9A /* PriceTableViewCell.xib */,
				FA1C71E720A9AA3100961484 /* NameEditingDisclosureTableViewCell.swift */,
				FA1C71E820A9AA3100961484 /* NameEditingDisclosureTableViewCell.xib */,
			);
			path = "Common cells";
			sourceTree = "<group>";
		};
		FA655339207E6F3B00171326 /* TableCells */ = {
			isa = PBXGroup;
			children = (
				FA655335207E6F3500171326 /* SearchSalonTableViewCell.swift */,
				FA655336207E6F3500171326 /* SearchSalonTableViewCell.xib */,
				FA46A6C6207E772A0094FF0C /* SearchServiceInSalonCellTableViewCell.swift */,
				FA46A6C7207E772A0094FF0C /* SearchServiceInSalonCellTableViewCell.xib */,
				FA77C98720820CC200580352 /* ScheduleTimeTableViewCell.swift */,
				FA77C98820820CC200580352 /* ScheduleTimeTableViewCell.xib */,
				FAE3C309208243E7006C7783 /* WorkDayDescriptionTableViewCell.swift */,
				FAE3C30A208243E7006C7783 /* WorkDayDescriptionTableViewCell.xib */,
				FABC54C1208AF1ED00FBF17F /* WeekDescriptionTableViewCell.swift */,
				FABC54C2208AF1ED00FBF17F /* WeekDescriptionTableViewCell.xib */,
				FA0F436F2090D00A00508B8B /* AddRequestDescriptionTableViewCell.swift */,
				FA0F43702090D00A00508B8B /* AddRequestDescriptionTableViewCell.xib */,
				FA0F43732090D0A100508B8B /* AddRequestTableViewCell.swift */,
				FA0F43742090D0A100508B8B /* AddRequestTableViewCell.xib */,
			);
			path = TableCells;
			sourceTree = "<group>";
		};
		FA6712B42062231F00E219FB /* TableCells */ = {
			isa = PBXGroup;
			children = (
				FA571E012066862A0078DF9A /* ListAndAddTableViewCell.swift */,
				FA571E022066862A0078DF9A /* ListAndAddTableViewCell.xib */,
				FA9BDE60206DF1550068A86E /* NameWithSwitchTableViewCell.swift */,
				FA9BDE61206DF1550068A86E /* NameWithSwitchTableViewCell.xib */,
				FA9BDE64206DF2390068A86E /* SegmentedControlTableViewCell.swift */,
				FA9BDE65206DF2390068A86E /* SegmentedControlTableViewCell.xib */,
				FA9BDE68206DF6120068A86E /* SetTimeOfWorkDayTableViewCell.swift */,
				FA9BDE69206DF6120068A86E /* SetTimeOfWorkDayTableViewCell.xib */,
				FA487BEF206E45A4008B87C4 /* SetWorkTimeForDayTableViewCell.swift */,
				FA487BF0206E45A4008B87C4 /* SetWorkTimeForDayTableViewCell.xib */,
				FAA11D90207C76CC00B42B66 /* ProfileClientDescriptionTableViewCell.swift */,
				FAA11D91207C76CC00B42B66 /* ProfileClientDescriptionTableViewCell.xib */,
				FAA11D96207C88BF00B42B66 /* ClientAppointmentTableViewCell.swift */,
				FAA11D97207C88BF00B42B66 /* ClientAppointmentTableViewCell.xib */,
			);
			path = TableCells;
			sourceTree = "<group>";
		};
		FAAE1A81204EB0D400AE14C7 /* test files */ = {
			isa = PBXGroup;
			children = (
				FAAE1A82204EB10E00AE14C7 /* test classes.swift */,
				FAC1943D20601ED300188BDA /* loadData.swift */,
				FA5B30B1206BF7D50083BFA9 /* test data.swift */,
			);
			path = "test files";
			sourceTree = "<group>";
		};
		FAAEDCE520599CC900FC4E2A /* Application */ = {
			isa = PBXGroup;
			children = (
				FA0C84A32041B2D7000BA2F5 /* Assets.xcassets */,
				FA0C84A02041B2D5000BA2F5 /* Main.storyboard */,
				FA0C84A52041B2D7000BA2F5 /* LaunchScreen.storyboard */,
				FA0C849A2041B2D5000BA2F5 /* AppDelegate.swift */,
				FA0C84A82041B2D7000BA2F5 /* Info.plist */,
			);
			path = Application;
			sourceTree = "<group>";
		};
		FAAEDCE620599D3600FC4E2A /* Search */ = {
			isa = PBXGroup;
			children = (
				FA7DC8052087C3630017892A /* Search.storyboard */,
				FA0C84AE2041E95B000BA2F5 /* SearchTableViewController.swift */,
				FA655333207E591F00171326 /* SearchSalonsInCityTableViewController.swift */,
				FA46A6CA207E79860094FF0C /* SearchSalonTableViewController.swift */,
				FA77C97D207FA9EF00580352 /* SearchServiceInSalonTableViewController.swift */,
				FA77C97F208127B500580352 /* SearchScheduleOfMasterPageViewController.swift */,
				FA77C985208209AF00580352 /* ScheduleTableViewController.swift */,
				FAE829CC20964DE700D34DB7 /* CreateRequestTableViewController.swift */,
				FA655339207E6F3B00171326 /* TableCells */,
			);
			path = Search;
			sourceTree = "<group>";
		};
		FAAEDCE820599D7D00FC4E2A /* Profile */ = {
			isa = PBXGroup;
			children = (
				FA57C5702087C7920047DF1C /* Profile.storyboard */,
				FA8A23E5206A8C18000C4EEA /* ProfileSalonTableViewController.swift */,
				FADADAFE2066CBAB00956F15 /* ProfileAddNewServiceTableViewController.swift */,
				FA9BDE58206C14890068A86E /* ProfileMastersListTableViewController.swift */,
				FA9BDE5A206C17220068A86E /* ProfileAddNewMasterTableViewController.swift */,
				FA52964A207BC09400668FDA /* ProfileSettingsTableViewController.swift */,
				FAA11D94207C7A0600B42B66 /* ProfileClientTableViewController.swift */,
				FAB9FD7B208EE0F50093AB39 /* ProfileViewViewController.swift */,
				FA6712B42062231F00E219FB /* TableCells */,
			);
			path = Profile;
			sourceTree = "<group>";
		};
/* End PBXGroup section */

/* Begin PBXNativeTarget section */
		FA0C84962041B2D4000BA2F5 /* Scheduling */ = {
			isa = PBXNativeTarget;
			buildConfigurationList = FA0C84AB2041B2D7000BA2F5 /* Build configuration list for PBXNativeTarget "Scheduling" */;
			buildPhases = (
				FA0C84932041B2D4000BA2F5 /* Sources */,
				FA0C84942041B2D4000BA2F5 /* Frameworks */,
				FA0C84952041B2D4000BA2F5 /* Resources */,
			);
			buildRules = (
			);
			dependencies = (
			);
			name = Scheduling;
			productName = Scheduling;
			productReference = FA0C84972041B2D5000BA2F5 /* Scheduling.app */;
			productType = "com.apple.product-type.application";
		};
/* End PBXNativeTarget section */

/* Begin PBXProject section */
		FA0C848F2041B2D4000BA2F5 /* Project object */ = {
			isa = PBXProject;
			attributes = {
				LastSwiftUpdateCheck = 0930;
				LastUpgradeCheck = 0930;
				ORGANIZATIONNAME = Aksiniya;
				TargetAttributes = {
					FA0C84962041B2D4000BA2F5 = {
						CreatedOnToolsVersion = 9.3;
						ProvisioningStyle = Automatic;
					};
				};
			};
			buildConfigurationList = FA0C84922041B2D4000BA2F5 /* Build configuration list for PBXProject "Scheduling" */;
			compatibilityVersion = "Xcode 8.0";
			developmentRegion = en;
			hasScannedForEncodings = 0;
			knownRegions = (
				en,
				Base,
			);
			mainGroup = FA0C848E2041B2D4000BA2F5;
			productRefGroup = FA0C84982041B2D5000BA2F5 /* Products */;
			projectDirPath = "";
			projectRoot = "";
			targets = (
				FA0C84962041B2D4000BA2F5 /* Scheduling */,
			);
		};
/* End PBXProject section */

/* Begin PBXResourcesBuildPhase section */
		FA0C84952041B2D4000BA2F5 /* Resources */ = {
			isa = PBXResourcesBuildPhase;
			buildActionMask = 2147483647;
			files = (
				FA8A23E4206A865B000C4EEA /* SalonDescriptionTableViewCell.xib in Resources */,
				FA07D6F820B2D72C00D10ADE /* ButtonTableViewCell.xib in Resources */,
				FA571DF8206684D40078DF9A /* TextFieldTableViewCell.xib in Resources */,
				FA9BDE67206DF2390068A86E /* SegmentedControlTableViewCell.xib in Resources */,
				FA0C84A72041B2D7000BA2F5 /* LaunchScreen.storyboard in Resources */,
				FA7DC8062087C3630017892A /* Search.storyboard in Resources */,
				FABC54C4208AF1ED00FBF17F /* WeekDescriptionTableViewCell.xib in Resources */,
				FAA11D99207C88BF00B42B66 /* ClientAppointmentTableViewCell.xib in Resources */,
				FA1B74C2208DEB43009A10C8 /* SalonRequestTableViewCell.xib in Resources */,
				FA571E08206686740078DF9A /* NameWithDisclosureIndicatorTableViewCell.xib in Resources */,
				FAA11D93207C76CC00B42B66 /* ProfileClientDescriptionTableViewCell.xib in Resources */,
				FA571E042066862A0078DF9A /* ListAndAddTableViewCell.xib in Resources */,
				FA0C84A42041B2D7000BA2F5 /* Assets.xcassets in Resources */,
				FA655338207E6F3500171326 /* SearchSalonTableViewCell.xib in Resources */,
				FA571E002066856E0078DF9A /* PriceTableViewCell.xib in Resources */,
				FA57C5712087C7920047DF1C /* Profile.storyboard in Resources */,
				FA9BDE6B206DF6120068A86E /* SetTimeOfWorkDayTableViewCell.xib in Resources */,
				FA0F43762090D0A100508B8B /* AddRequestTableViewCell.xib in Resources */,
				FA77C98A20820CC200580352 /* ScheduleTimeTableViewCell.xib in Resources */,
				FA9BDE63206DF1550068A86E /* NameWithSwitchTableViewCell.xib in Resources */,
				FA9BDE5F206DEE510068A86E /* NameLabelTableViewCell.xib in Resources */,
				FA1C71EA20A9AA3100961484 /* NameEditingDisclosureTableViewCell.xib in Resources */,
				FA46A6C9207E772A0094FF0C /* SearchServiceInSalonCellTableViewCell.xib in Resources */,
				FA0F43722090D00A00508B8B /* AddRequestDescriptionTableViewCell.xib in Resources */,
				FAE3C30C208243E7006C7783 /* WorkDayDescriptionTableViewCell.xib in Resources */,
				FA487BF2206E45A4008B87C4 /* SetWorkTimeForDayTableViewCell.xib in Resources */,
				FA571DFC206685110078DF9A /* DescriptionTableViewCell.xib in Resources */,
				FA1B74BC208DEAE7009A10C8 /* Requests.storyboard in Resources */,
				FA0C84A22041B2D5000BA2F5 /* Main.storyboard in Resources */,
			);
			runOnlyForDeploymentPostprocessing = 0;
		};
/* End PBXResourcesBuildPhase section */

/* Begin PBXSourcesBuildPhase section */
		FA0C84932041B2D4000BA2F5 /* Sources */ = {
			isa = PBXSourcesBuildPhase;
			buildActionMask = 2147483647;
			files = (
				FAE3C30B208243E7006C7783 /* WorkDayDescriptionTableViewCell.swift in Sources */,
				F85AF2B32091EB7D009387BD /* UIViewExtrnsions.swift in Sources */,
				FAFF867920B2FA0C006BC03E /* SalonRegisterTableViewController.swift in Sources */,
				FA77C986208209AF00580352 /* ScheduleTableViewController.swift in Sources */,
				FA655337207E6F3500171326 /* SearchSalonTableViewCell.swift in Sources */,
				FA8A23E6206A8C18000C4EEA /* ProfileSalonTableViewController.swift in Sources */,
				FA46A6CB207E79860094FF0C /* SearchSalonTableViewController.swift in Sources */,
				FA07D6F020B2C3D800D10ADE /* UIViewControllerExtensions.swift in Sources */,
				FA571DFB206685110078DF9A /* DescriptionTableViewCell.swift in Sources */,
				FA571E07206686740078DF9A /* NameWithDisclosureIndicatorTableViewCell.swift in Sources */,
				F8F129B9206A64AF00AD8594 /* LoginViewController.swift in Sources */,
				FA0F43712090D00A00508B8B /* AddRequestDescriptionTableViewCell.swift in Sources */,
				F8F129BB206A667B00AD8594 /* RegisterViewController.swift in Sources */,
				FA5B30B2206BF7D50083BFA9 /* test data.swift in Sources */,
				FAB9FD7C208EE0F50093AB39 /* ProfileViewViewController.swift in Sources */,
				FA77C980208127B500580352 /* SearchScheduleOfMasterPageViewController.swift in Sources */,
				F868BB96208E078100D53921 /* Keychain.swift in Sources */,
				FA487BF1206E45A4008B87C4 /* SetWorkTimeForDayTableViewCell.swift in Sources */,
				FA655334207E591F00171326 /* SearchSalonsInCityTableViewController.swift in Sources */,
				FA77C97E207FA9EF00580352 /* SearchServiceInSalonTableViewController.swift in Sources */,
				FA07D6F320B2D63A00D10ADE /* ClientRegisterTableViewController.swift in Sources */,
				FA9BDE6A206DF6120068A86E /* SetTimeOfWorkDayTableViewCell.swift in Sources */,
				FAAE1A83204EB10E00AE14C7 /* test classes.swift in Sources */,
				FA0F43752090D0A100508B8B /* AddRequestTableViewCell.swift in Sources */,
				FABC54C3208AF1ED00FBF17F /* WeekDescriptionTableViewCell.swift in Sources */,
				FAC1943E20601ED300188BDA /* loadData.swift in Sources */,
				FA571DFF2066856E0078DF9A /* PriceTableViewCell.swift in Sources */,
				FAA83E9020B045A500EE105A /* StringExtensions.swift in Sources */,
				FAA11D98207C88BF00B42B66 /* ClientAppointmentTableViewCell.swift in Sources */,
				FA0C849B2041B2D5000BA2F5 /* AppDelegate.swift in Sources */,
				FA1B74BA208DEAD3009A10C8 /* RequestsTableViewController.swift in Sources */,
				F8854AA420A3794E00AF7FE5 /* SalonRegisterViewController.swift in Sources */,
				FA9BDE62206DF1550068A86E /* NameWithSwitchTableViewCell.swift in Sources */,
				FA1B74C1208DEB43009A10C8 /* SalonRequestTableViewCell.swift in Sources */,
				FA07D6F720B2D72C00D10ADE /* ButtonTableViewCell.swift in Sources */,
				FA571DF7206684D40078DF9A /* TextFieldTableViewCell.swift in Sources */,
				FADADAFF2066CBAB00956F15 /* ProfileAddNewServiceTableViewController.swift in Sources */,
				FA571E032066862A0078DF9A /* ListAndAddTableViewCell.swift in Sources */,
				FA9BDE59206C14890068A86E /* ProfileMastersListTableViewController.swift in Sources */,
				FA9BDE5B206C17220068A86E /* ProfileAddNewMasterTableViewController.swift in Sources */,
				FA9BDE66206DF2390068A86E /* SegmentedControlTableViewCell.swift in Sources */,
				FA1C71E920A9AA3100961484 /* NameEditingDisclosureTableViewCell.swift in Sources */,
				F8EC03BB208BADF5003B5CB0 /* InitialViewController.swift in Sources */,
				FA77C98920820CC200580352 /* ScheduleTimeTableViewCell.swift in Sources */,
				FA52964B207BC09400668FDA /* ProfileSettingsTableViewController.swift in Sources */,
				FA46A6C8207E772A0094FF0C /* SearchServiceInSalonCellTableViewCell.swift in Sources */,
				FA9BDE5E206DEE510068A86E /* NameLabelTableViewCell.swift in Sources */,
				FAA11D92207C76CC00B42B66 /* ProfileClientDescriptionTableViewCell.swift in Sources */,
				FA8A23E3206A865B000C4EEA /* SalonDescriptionTableViewCell.swift in Sources */,
				FAA11D95207C7A0600B42B66 /* ProfileClientTableViewController.swift in Sources */,
				FA0C84AF2041E95B000BA2F5 /* SearchTableViewController.swift in Sources */,
				FAE829CD20964DE700D34DB7 /* CreateRequestTableViewController.swift in Sources */,
			);
			runOnlyForDeploymentPostprocessing = 0;
		};
/* End PBXSourcesBuildPhase section */

/* Begin PBXVariantGroup section */
		FA0C84A02041B2D5000BA2F5 /* Main.storyboard */ = {
			isa = PBXVariantGroup;
			children = (
				FA0C84A12041B2D5000BA2F5 /* Base */,
			);
			name = Main.storyboard;
			sourceTree = "<group>";
		};
		FA0C84A52041B2D7000BA2F5 /* LaunchScreen.storyboard */ = {
			isa = PBXVariantGroup;
			children = (
				FA0C84A62041B2D7000BA2F5 /* Base */,
			);
			name = LaunchScreen.storyboard;
			sourceTree = "<group>";
		};
/* End PBXVariantGroup section */

/* Begin XCBuildConfiguration section */
		FA0C84A92041B2D7000BA2F5 /* Debug */ = {
			isa = XCBuildConfiguration;
			buildSettings = {
				ALWAYS_SEARCH_USER_PATHS = NO;
				CLANG_ANALYZER_NONNULL = YES;
				CLANG_ANALYZER_NUMBER_OBJECT_CONVERSION = YES_AGGRESSIVE;
				CLANG_CXX_LANGUAGE_STANDARD = "gnu++14";
				CLANG_CXX_LIBRARY = "libc++";
				CLANG_ENABLE_MODULES = YES;
				CLANG_ENABLE_OBJC_ARC = YES;
				CLANG_ENABLE_OBJC_WEAK = YES;
				CLANG_WARN_BLOCK_CAPTURE_AUTORELEASING = YES;
				CLANG_WARN_BOOL_CONVERSION = YES;
				CLANG_WARN_COMMA = YES;
				CLANG_WARN_CONSTANT_CONVERSION = YES;
				CLANG_WARN_DEPRECATED_OBJC_IMPLEMENTATIONS = YES;
				CLANG_WARN_DIRECT_OBJC_ISA_USAGE = YES_ERROR;
				CLANG_WARN_DOCUMENTATION_COMMENTS = YES;
				CLANG_WARN_EMPTY_BODY = YES;
				CLANG_WARN_ENUM_CONVERSION = YES;
				CLANG_WARN_INFINITE_RECURSION = YES;
				CLANG_WARN_INT_CONVERSION = YES;
				CLANG_WARN_NON_LITERAL_NULL_CONVERSION = YES;
				CLANG_WARN_OBJC_IMPLICIT_RETAIN_SELF = YES;
				CLANG_WARN_OBJC_LITERAL_CONVERSION = YES;
				CLANG_WARN_OBJC_ROOT_CLASS = YES_ERROR;
				CLANG_WARN_RANGE_LOOP_ANALYSIS = YES;
				CLANG_WARN_STRICT_PROTOTYPES = YES;
				CLANG_WARN_SUSPICIOUS_MOVE = YES;
				CLANG_WARN_UNGUARDED_AVAILABILITY = YES_AGGRESSIVE;
				CLANG_WARN_UNREACHABLE_CODE = YES;
				CLANG_WARN__DUPLICATE_METHOD_MATCH = YES;
				CODE_SIGN_IDENTITY = "iPhone Developer";
				COPY_PHASE_STRIP = NO;
				DEBUG_INFORMATION_FORMAT = dwarf;
				ENABLE_STRICT_OBJC_MSGSEND = YES;
				ENABLE_TESTABILITY = YES;
				GCC_C_LANGUAGE_STANDARD = gnu11;
				GCC_DYNAMIC_NO_PIC = NO;
				GCC_NO_COMMON_BLOCKS = YES;
				GCC_OPTIMIZATION_LEVEL = 0;
				GCC_PREPROCESSOR_DEFINITIONS = (
					"DEBUG=1",
					"$(inherited)",
				);
				GCC_WARN_64_TO_32_BIT_CONVERSION = YES;
				GCC_WARN_ABOUT_RETURN_TYPE = YES_ERROR;
				GCC_WARN_UNDECLARED_SELECTOR = YES;
				GCC_WARN_UNINITIALIZED_AUTOS = YES_AGGRESSIVE;
				GCC_WARN_UNUSED_FUNCTION = YES;
				GCC_WARN_UNUSED_VARIABLE = YES;
				IPHONEOS_DEPLOYMENT_TARGET = 11.3;
				MTL_ENABLE_DEBUG_INFO = YES;
				ONLY_ACTIVE_ARCH = YES;
				SDKROOT = iphoneos;
				SWIFT_ACTIVE_COMPILATION_CONDITIONS = DEBUG;
				SWIFT_OPTIMIZATION_LEVEL = "-Onone";
			};
			name = Debug;
		};
		FA0C84AA2041B2D7000BA2F5 /* Release */ = {
			isa = XCBuildConfiguration;
			buildSettings = {
				ALWAYS_SEARCH_USER_PATHS = NO;
				CLANG_ANALYZER_NONNULL = YES;
				CLANG_ANALYZER_NUMBER_OBJECT_CONVERSION = YES_AGGRESSIVE;
				CLANG_CXX_LANGUAGE_STANDARD = "gnu++14";
				CLANG_CXX_LIBRARY = "libc++";
				CLANG_ENABLE_MODULES = YES;
				CLANG_ENABLE_OBJC_ARC = YES;
				CLANG_ENABLE_OBJC_WEAK = YES;
				CLANG_WARN_BLOCK_CAPTURE_AUTORELEASING = YES;
				CLANG_WARN_BOOL_CONVERSION = YES;
				CLANG_WARN_COMMA = YES;
				CLANG_WARN_CONSTANT_CONVERSION = YES;
				CLANG_WARN_DEPRECATED_OBJC_IMPLEMENTATIONS = YES;
				CLANG_WARN_DIRECT_OBJC_ISA_USAGE = YES_ERROR;
				CLANG_WARN_DOCUMENTATION_COMMENTS = YES;
				CLANG_WARN_EMPTY_BODY = YES;
				CLANG_WARN_ENUM_CONVERSION = YES;
				CLANG_WARN_INFINITE_RECURSION = YES;
				CLANG_WARN_INT_CONVERSION = YES;
				CLANG_WARN_NON_LITERAL_NULL_CONVERSION = YES;
				CLANG_WARN_OBJC_IMPLICIT_RETAIN_SELF = YES;
				CLANG_WARN_OBJC_LITERAL_CONVERSION = YES;
				CLANG_WARN_OBJC_ROOT_CLASS = YES_ERROR;
				CLANG_WARN_RANGE_LOOP_ANALYSIS = YES;
				CLANG_WARN_STRICT_PROTOTYPES = YES;
				CLANG_WARN_SUSPICIOUS_MOVE = YES;
				CLANG_WARN_UNGUARDED_AVAILABILITY = YES_AGGRESSIVE;
				CLANG_WARN_UNREACHABLE_CODE = YES;
				CLANG_WARN__DUPLICATE_METHOD_MATCH = YES;
				CODE_SIGN_IDENTITY = "iPhone Developer";
				COPY_PHASE_STRIP = NO;
				DEBUG_INFORMATION_FORMAT = "dwarf-with-dsym";
				ENABLE_NS_ASSERTIONS = NO;
				ENABLE_STRICT_OBJC_MSGSEND = YES;
				GCC_C_LANGUAGE_STANDARD = gnu11;
				GCC_NO_COMMON_BLOCKS = YES;
				GCC_WARN_64_TO_32_BIT_CONVERSION = YES;
				GCC_WARN_ABOUT_RETURN_TYPE = YES_ERROR;
				GCC_WARN_UNDECLARED_SELECTOR = YES;
				GCC_WARN_UNINITIALIZED_AUTOS = YES_AGGRESSIVE;
				GCC_WARN_UNUSED_FUNCTION = YES;
				GCC_WARN_UNUSED_VARIABLE = YES;
				IPHONEOS_DEPLOYMENT_TARGET = 11.3;
				MTL_ENABLE_DEBUG_INFO = NO;
				SDKROOT = iphoneos;
				SWIFT_OPTIMIZATION_LEVEL = "-Owholemodule";
				VALIDATE_PRODUCT = YES;
			};
			name = Release;
		};
		FA0C84AC2041B2D7000BA2F5 /* Debug */ = {
			isa = XCBuildConfiguration;
			buildSettings = {
				ASSETCATALOG_COMPILER_APPICON_NAME = AppIcon;
				CODE_SIGN_IDENTITY = "iPhone Developer";
				CODE_SIGN_STYLE = Automatic;
				DEVELOPMENT_TEAM = QJ8JZ567T8;
				INFOPLIST_FILE = "$(SRCROOT)/Scheduling/Application/Info.plist";
				IPHONEOS_DEPLOYMENT_TARGET = 11.2;
				LD_RUNPATH_SEARCH_PATHS = "$(inherited) @executable_path/Frameworks";
				PRODUCT_BUNDLE_IDENTIFIER = techno.mail;
				PRODUCT_NAME = "$(TARGET_NAME)";
				PROVISIONING_PROFILE_SPECIFIER = "";
				SWIFT_VERSION = 4.0;
				TARGETED_DEVICE_FAMILY = "1,2";
			};
			name = Debug;
		};
		FA0C84AD2041B2D7000BA2F5 /* Release */ = {
			isa = XCBuildConfiguration;
			buildSettings = {
				ASSETCATALOG_COMPILER_APPICON_NAME = AppIcon;
				CODE_SIGN_IDENTITY = "iPhone Developer";
				CODE_SIGN_STYLE = Automatic;
				DEVELOPMENT_TEAM = QJ8JZ567T8;
				INFOPLIST_FILE = "$(SRCROOT)/Scheduling/Application/Info.plist";
				IPHONEOS_DEPLOYMENT_TARGET = 11.2;
				LD_RUNPATH_SEARCH_PATHS = "$(inherited) @executable_path/Frameworks";
				PRODUCT_BUNDLE_IDENTIFIER = techno.mail;
				PRODUCT_NAME = "$(TARGET_NAME)";
				PROVISIONING_PROFILE_SPECIFIER = "";
				SWIFT_VERSION = 4.0;
				TARGETED_DEVICE_FAMILY = "1,2";
			};
			name = Release;
		};
/* End XCBuildConfiguration section */

/* Begin XCConfigurationList section */
		FA0C84922041B2D4000BA2F5 /* Build configuration list for PBXProject "Scheduling" */ = {
			isa = XCConfigurationList;
			buildConfigurations = (
				FA0C84A92041B2D7000BA2F5 /* Debug */,
				FA0C84AA2041B2D7000BA2F5 /* Release */,
			);
			defaultConfigurationIsVisible = 0;
			defaultConfigurationName = Release;
		};
		FA0C84AB2041B2D7000BA2F5 /* Build configuration list for PBXNativeTarget "Scheduling" */ = {
			isa = XCConfigurationList;
			buildConfigurations = (
				FA0C84AC2041B2D7000BA2F5 /* Debug */,
				FA0C84AD2041B2D7000BA2F5 /* Release */,
			);
			defaultConfigurationIsVisible = 0;
			defaultConfigurationName = Release;
		};
/* End XCConfigurationList section */
	};
	rootObject = FA0C848F2041B2D4000BA2F5 /* Project object */;
}
