// !$*UTF8*$!
{
	archiveVersion = 1;
	classes = {
	};
	objectVersion = 48;
	objects = {

/* Begin PBXBuildFile section */
		F8F129B9206A64AF00AD8594 /* LoginViewController.swift in Sources */ = {isa = PBXBuildFile; fileRef = F8F129B8206A64AF00AD8594 /* LoginViewController.swift */; };
		F8F129BB206A667B00AD8594 /* RegisterViewController.swift in Sources */ = {isa = PBXBuildFile; fileRef = F8F129BA206A667B00AD8594 /* RegisterViewController.swift */; };
		FA0C849B2041B2D5000BA2F5 /* AppDelegate.swift in Sources */ = {isa = PBXBuildFile; fileRef = FA0C849A2041B2D5000BA2F5 /* AppDelegate.swift */; };
		FA0C84A22041B2D5000BA2F5 /* Main.storyboard in Resources */ = {isa = PBXBuildFile; fileRef = FA0C84A02041B2D5000BA2F5 /* Main.storyboard */; };
		FA0C84A42041B2D7000BA2F5 /* Assets.xcassets in Resources */ = {isa = PBXBuildFile; fileRef = FA0C84A32041B2D7000BA2F5 /* Assets.xcassets */; };
		FA0C84A72041B2D7000BA2F5 /* LaunchScreen.storyboard in Resources */ = {isa = PBXBuildFile; fileRef = FA0C84A52041B2D7000BA2F5 /* LaunchScreen.storyboard */; };
		FA0C84AF2041E95B000BA2F5 /* SearchTableViewController.swift in Sources */ = {isa = PBXBuildFile; fileRef = FA0C84AE2041E95B000BA2F5 /* SearchTableViewController.swift */; };
		FA0C84B12041E9AE000BA2F5 /* MessagesTableViewController.swift in Sources */ = {isa = PBXBuildFile; fileRef = FA0C84B02041E9AE000BA2F5 /* MessagesTableViewController.swift */; };
		FA487BF1206E45A4008B87C4 /* SetWorkTimeForDayTableViewCell.swift in Sources */ = {isa = PBXBuildFile; fileRef = FA487BEF206E45A4008B87C4 /* SetWorkTimeForDayTableViewCell.swift */; };
		FA487BF2206E45A4008B87C4 /* SetWorkTimeForDayTableViewCell.xib in Resources */ = {isa = PBXBuildFile; fileRef = FA487BF0206E45A4008B87C4 /* SetWorkTimeForDayTableViewCell.xib */; };
		FA571DF7206684D40078DF9A /* TextFieldTableViewCell.swift in Sources */ = {isa = PBXBuildFile; fileRef = FA571DF5206684D40078DF9A /* TextFieldTableViewCell.swift */; };
		FA571DF8206684D40078DF9A /* TextFieldTableViewCell.xib in Resources */ = {isa = PBXBuildFile; fileRef = FA571DF6206684D40078DF9A /* TextFieldTableViewCell.xib */; };
		FA571DFB206685110078DF9A /* DescriptionTableViewCell.swift in Sources */ = {isa = PBXBuildFile; fileRef = FA571DF9206685110078DF9A /* DescriptionTableViewCell.swift */; };
		FA571DFC206685110078DF9A /* DescriptionTableViewCell.xib in Resources */ = {isa = PBXBuildFile; fileRef = FA571DFA206685110078DF9A /* DescriptionTableViewCell.xib */; };
		FA571DFF2066856E0078DF9A /* PriceTableViewCell.swift in Sources */ = {isa = PBXBuildFile; fileRef = FA571DFD2066856E0078DF9A /* PriceTableViewCell.swift */; };
		FA571E002066856E0078DF9A /* PriceTableViewCell.xib in Resources */ = {isa = PBXBuildFile; fileRef = FA571DFE2066856E0078DF9A /* PriceTableViewCell.xib */; };
		FA571E032066862A0078DF9A /* ListAndAddTableViewCell.swift in Sources */ = {isa = PBXBuildFile; fileRef = FA571E012066862A0078DF9A /* ListAndAddTableViewCell.swift */; };
		FA571E042066862A0078DF9A /* ListAndAddTableViewCell.xib in Resources */ = {isa = PBXBuildFile; fileRef = FA571E022066862A0078DF9A /* ListAndAddTableViewCell.xib */; };
		FA571E07206686740078DF9A /* NameWithDisclosureIndicatorTableViewCell.swift in Sources */ = {isa = PBXBuildFile; fileRef = FA571E05206686740078DF9A /* NameWithDisclosureIndicatorTableViewCell.swift */; };
		FA571E08206686740078DF9A /* NameWithDisclosureIndicatorTableViewCell.xib in Resources */ = {isa = PBXBuildFile; fileRef = FA571E06206686740078DF9A /* NameWithDisclosureIndicatorTableViewCell.xib */; };
		FA5B30B2206BF7D50083BFA9 /* test data.swift in Sources */ = {isa = PBXBuildFile; fileRef = FA5B30B1206BF7D50083BFA9 /* test data.swift */; };
		FA8A23E3206A865B000C4EEA /* ProfileSalonDescriptionTableViewCell.swift in Sources */ = {isa = PBXBuildFile; fileRef = FA8A23E1206A865B000C4EEA /* ProfileSalonDescriptionTableViewCell.swift */; };
		FA8A23E4206A865B000C4EEA /* ProfileSalonDescriptionTableViewCell.xib in Resources */ = {isa = PBXBuildFile; fileRef = FA8A23E2206A865B000C4EEA /* ProfileSalonDescriptionTableViewCell.xib */; };
		FA8A23E6206A8C18000C4EEA /* ProfileSalonTableViewController.swift in Sources */ = {isa = PBXBuildFile; fileRef = FA8A23E5206A8C18000C4EEA /* ProfileSalonTableViewController.swift */; };
		FA9BDE59206C14890068A86E /* ProfileMastersListTableViewController.swift in Sources */ = {isa = PBXBuildFile; fileRef = FA9BDE58206C14890068A86E /* ProfileMastersListTableViewController.swift */; };
		FA9BDE5B206C17220068A86E /* ProfileAddNewMasterTableViewController.swift in Sources */ = {isa = PBXBuildFile; fileRef = FA9BDE5A206C17220068A86E /* ProfileAddNewMasterTableViewController.swift */; };
		FA9BDE5E206DEE510068A86E /* NameLabelTableViewCell.swift in Sources */ = {isa = PBXBuildFile; fileRef = FA9BDE5C206DEE510068A86E /* NameLabelTableViewCell.swift */; };
		FA9BDE5F206DEE510068A86E /* NameLabelTableViewCell.xib in Resources */ = {isa = PBXBuildFile; fileRef = FA9BDE5D206DEE510068A86E /* NameLabelTableViewCell.xib */; };
		FA9BDE62206DF1550068A86E /* NameWithSwitchTableViewCell.swift in Sources */ = {isa = PBXBuildFile; fileRef = FA9BDE60206DF1550068A86E /* NameWithSwitchTableViewCell.swift */; };
		FA9BDE63206DF1550068A86E /* NameWithSwitchTableViewCell.xib in Resources */ = {isa = PBXBuildFile; fileRef = FA9BDE61206DF1550068A86E /* NameWithSwitchTableViewCell.xib */; };
		FA9BDE66206DF2390068A86E /* SegmentedControlTableViewCell.swift in Sources */ = {isa = PBXBuildFile; fileRef = FA9BDE64206DF2390068A86E /* SegmentedControlTableViewCell.swift */; };
		FA9BDE67206DF2390068A86E /* SegmentedControlTableViewCell.xib in Resources */ = {isa = PBXBuildFile; fileRef = FA9BDE65206DF2390068A86E /* SegmentedControlTableViewCell.xib */; };
		FA9BDE6A206DF6120068A86E /* SetTimeOfWorkDayTableViewCell.swift in Sources */ = {isa = PBXBuildFile; fileRef = FA9BDE68206DF6120068A86E /* SetTimeOfWorkDayTableViewCell.swift */; };
		FA9BDE6B206DF6120068A86E /* SetTimeOfWorkDayTableViewCell.xib in Resources */ = {isa = PBXBuildFile; fileRef = FA9BDE69206DF6120068A86E /* SetTimeOfWorkDayTableViewCell.xib */; };
		FAAE1A83204EB10E00AE14C7 /* test classes.swift in Sources */ = {isa = PBXBuildFile; fileRef = FAAE1A82204EB10E00AE14C7 /* test classes.swift */; };
		FAC1943E20601ED300188BDA /* loadData.swift in Sources */ = {isa = PBXBuildFile; fileRef = FAC1943D20601ED300188BDA /* loadData.swift */; };
		FADADAFF2066CBAB00956F15 /* ProfileAddNewServiceTableViewController.swift in Sources */ = {isa = PBXBuildFile; fileRef = FADADAFE2066CBAB00956F15 /* ProfileAddNewServiceTableViewController.swift */; };
/* End PBXBuildFile section */

/* Begin PBXFileReference section */
		F8F129B8206A64AF00AD8594 /* LoginViewController.swift */ = {isa = PBXFileReference; lastKnownFileType = sourcecode.swift; path = LoginViewController.swift; sourceTree = "<group>"; };
		F8F129BA206A667B00AD8594 /* RegisterViewController.swift */ = {isa = PBXFileReference; lastKnownFileType = sourcecode.swift; path = RegisterViewController.swift; sourceTree = "<group>"; };
		FA0C84972041B2D5000BA2F5 /* Scheduling.app */ = {isa = PBXFileReference; explicitFileType = wrapper.application; includeInIndex = 0; path = Scheduling.app; sourceTree = BUILT_PRODUCTS_DIR; };
		FA0C849A2041B2D5000BA2F5 /* AppDelegate.swift */ = {isa = PBXFileReference; lastKnownFileType = sourcecode.swift; path = AppDelegate.swift; sourceTree = "<group>"; };
		FA0C84A12041B2D5000BA2F5 /* Base */ = {isa = PBXFileReference; lastKnownFileType = file.storyboard; name = Base; path = Base.lproj/Main.storyboard; sourceTree = "<group>"; };
		FA0C84A32041B2D7000BA2F5 /* Assets.xcassets */ = {isa = PBXFileReference; lastKnownFileType = folder.assetcatalog; path = Assets.xcassets; sourceTree = "<group>"; };
		FA0C84A62041B2D7000BA2F5 /* Base */ = {isa = PBXFileReference; lastKnownFileType = file.storyboard; name = Base; path = Base.lproj/LaunchScreen.storyboard; sourceTree = "<group>"; };
		FA0C84A82041B2D7000BA2F5 /* Info.plist */ = {isa = PBXFileReference; lastKnownFileType = text.plist.xml; path = Info.plist; sourceTree = "<group>"; };
		FA0C84AE2041E95B000BA2F5 /* SearchTableViewController.swift */ = {isa = PBXFileReference; lastKnownFileType = sourcecode.swift; path = SearchTableViewController.swift; sourceTree = "<group>"; };
		FA0C84B02041E9AE000BA2F5 /* MessagesTableViewController.swift */ = {isa = PBXFileReference; lastKnownFileType = sourcecode.swift; path = MessagesTableViewController.swift; sourceTree = "<group>"; };
		FA487BEF206E45A4008B87C4 /* SetWorkTimeForDayTableViewCell.swift */ = {isa = PBXFileReference; lastKnownFileType = sourcecode.swift; path = SetWorkTimeForDayTableViewCell.swift; sourceTree = "<group>"; };
		FA487BF0206E45A4008B87C4 /* SetWorkTimeForDayTableViewCell.xib */ = {isa = PBXFileReference; lastKnownFileType = file.xib; path = SetWorkTimeForDayTableViewCell.xib; sourceTree = "<group>"; };
		FA571DF5206684D40078DF9A /* TextFieldTableViewCell.swift */ = {isa = PBXFileReference; lastKnownFileType = sourcecode.swift; path = TextFieldTableViewCell.swift; sourceTree = "<group>"; };
		FA571DF6206684D40078DF9A /* TextFieldTableViewCell.xib */ = {isa = PBXFileReference; lastKnownFileType = file.xib; path = TextFieldTableViewCell.xib; sourceTree = "<group>"; };
		FA571DF9206685110078DF9A /* DescriptionTableViewCell.swift */ = {isa = PBXFileReference; lastKnownFileType = sourcecode.swift; path = DescriptionTableViewCell.swift; sourceTree = "<group>"; };
		FA571DFA206685110078DF9A /* DescriptionTableViewCell.xib */ = {isa = PBXFileReference; lastKnownFileType = file.xib; path = DescriptionTableViewCell.xib; sourceTree = "<group>"; };
		FA571DFD2066856E0078DF9A /* PriceTableViewCell.swift */ = {isa = PBXFileReference; lastKnownFileType = sourcecode.swift; path = PriceTableViewCell.swift; sourceTree = "<group>"; };
		FA571DFE2066856E0078DF9A /* PriceTableViewCell.xib */ = {isa = PBXFileReference; lastKnownFileType = file.xib; path = PriceTableViewCell.xib; sourceTree = "<group>"; };
		FA571E012066862A0078DF9A /* ListAndAddTableViewCell.swift */ = {isa = PBXFileReference; lastKnownFileType = sourcecode.swift; path = ListAndAddTableViewCell.swift; sourceTree = "<group>"; };
		FA571E022066862A0078DF9A /* ListAndAddTableViewCell.xib */ = {isa = PBXFileReference; lastKnownFileType = file.xib; path = ListAndAddTableViewCell.xib; sourceTree = "<group>"; };
		FA571E05206686740078DF9A /* NameWithDisclosureIndicatorTableViewCell.swift */ = {isa = PBXFileReference; lastKnownFileType = sourcecode.swift; path = NameWithDisclosureIndicatorTableViewCell.swift; sourceTree = "<group>"; };
		FA571E06206686740078DF9A /* NameWithDisclosureIndicatorTableViewCell.xib */ = {isa = PBXFileReference; lastKnownFileType = file.xib; path = NameWithDisclosureIndicatorTableViewCell.xib; sourceTree = "<group>"; };
		FA5B30B1206BF7D50083BFA9 /* test data.swift */ = {isa = PBXFileReference; lastKnownFileType = sourcecode.swift; path = "test data.swift"; sourceTree = "<group>"; };
		FA8A23E1206A865B000C4EEA /* ProfileSalonDescriptionTableViewCell.swift */ = {isa = PBXFileReference; lastKnownFileType = sourcecode.swift; path = ProfileSalonDescriptionTableViewCell.swift; sourceTree = "<group>"; };
		FA8A23E2206A865B000C4EEA /* ProfileSalonDescriptionTableViewCell.xib */ = {isa = PBXFileReference; lastKnownFileType = file.xib; path = ProfileSalonDescriptionTableViewCell.xib; sourceTree = "<group>"; };
		FA8A23E5206A8C18000C4EEA /* ProfileSalonTableViewController.swift */ = {isa = PBXFileReference; lastKnownFileType = sourcecode.swift; path = ProfileSalonTableViewController.swift; sourceTree = "<group>"; };
		FA9BDE58206C14890068A86E /* ProfileMastersListTableViewController.swift */ = {isa = PBXFileReference; lastKnownFileType = sourcecode.swift; path = ProfileMastersListTableViewController.swift; sourceTree = "<group>"; };
		FA9BDE5A206C17220068A86E /* ProfileAddNewMasterTableViewController.swift */ = {isa = PBXFileReference; lastKnownFileType = sourcecode.swift; path = ProfileAddNewMasterTableViewController.swift; sourceTree = "<group>"; };
		FA9BDE5C206DEE510068A86E /* NameLabelTableViewCell.swift */ = {isa = PBXFileReference; lastKnownFileType = sourcecode.swift; path = NameLabelTableViewCell.swift; sourceTree = "<group>"; };
		FA9BDE5D206DEE510068A86E /* NameLabelTableViewCell.xib */ = {isa = PBXFileReference; lastKnownFileType = file.xib; path = NameLabelTableViewCell.xib; sourceTree = "<group>"; };
		FA9BDE60206DF1550068A86E /* NameWithSwitchTableViewCell.swift */ = {isa = PBXFileReference; lastKnownFileType = sourcecode.swift; path = NameWithSwitchTableViewCell.swift; sourceTree = "<group>"; };
		FA9BDE61206DF1550068A86E /* NameWithSwitchTableViewCell.xib */ = {isa = PBXFileReference; lastKnownFileType = file.xib; path = NameWithSwitchTableViewCell.xib; sourceTree = "<group>"; };
		FA9BDE64206DF2390068A86E /* SegmentedControlTableViewCell.swift */ = {isa = PBXFileReference; lastKnownFileType = sourcecode.swift; path = SegmentedControlTableViewCell.swift; sourceTree = "<group>"; };
		FA9BDE65206DF2390068A86E /* SegmentedControlTableViewCell.xib */ = {isa = PBXFileReference; lastKnownFileType = file.xib; path = SegmentedControlTableViewCell.xib; sourceTree = "<group>"; };
		FA9BDE68206DF6120068A86E /* SetTimeOfWorkDayTableViewCell.swift */ = {isa = PBXFileReference; lastKnownFileType = sourcecode.swift; path = SetTimeOfWorkDayTableViewCell.swift; sourceTree = "<group>"; };
		FA9BDE69206DF6120068A86E /* SetTimeOfWorkDayTableViewCell.xib */ = {isa = PBXFileReference; lastKnownFileType = file.xib; path = SetTimeOfWorkDayTableViewCell.xib; sourceTree = "<group>"; };
		FAAE1A82204EB10E00AE14C7 /* test classes.swift */ = {isa = PBXFileReference; lastKnownFileType = sourcecode.swift; path = "test classes.swift"; sourceTree = "<group>"; };
		FAC1943D20601ED300188BDA /* loadData.swift */ = {isa = PBXFileReference; lastKnownFileType = sourcecode.swift; path = loadData.swift; sourceTree = "<group>"; };
		FADADAFE2066CBAB00956F15 /* ProfileAddNewServiceTableViewController.swift */ = {isa = PBXFileReference; lastKnownFileType = sourcecode.swift; path = ProfileAddNewServiceTableViewController.swift; sourceTree = "<group>"; };
/* End PBXFileReference section */

/* Begin PBXFrameworksBuildPhase section */
		FA0C84942041B2D4000BA2F5 /* Frameworks */ = {
			isa = PBXFrameworksBuildPhase;
			buildActionMask = 2147483647;
			files = (
			);
			runOnlyForDeploymentPostprocessing = 0;
		};
/* End PBXFrameworksBuildPhase section */

/* Begin PBXGroup section */
		F8F129B7206A649000AD8594 /* AuthGroup */ = {
			isa = PBXGroup;
			children = (
				F8F129B8206A64AF00AD8594 /* LoginViewController.swift */,
				F8F129BA206A667B00AD8594 /* RegisterViewController.swift */,
			);
			path = AuthGroup;
			sourceTree = "<group>";
		};
		FA0C848E2041B2D4000BA2F5 = {
			isa = PBXGroup;
			children = (
				FA0C84992041B2D5000BA2F5 /* Scheduling */,
				FA0C84982041B2D5000BA2F5 /* Products */,
				FA5B30B0206BEFAC0083BFA9 /* Recovered References */,
			);
			sourceTree = "<group>";
		};
		FA0C84982041B2D5000BA2F5 /* Products */ = {
			isa = PBXGroup;
			children = (
				FA0C84972041B2D5000BA2F5 /* Scheduling.app */,
			);
			name = Products;
			sourceTree = "<group>";
		};
		FA0C84992041B2D5000BA2F5 /* Scheduling */ = {
			isa = PBXGroup;
			children = (
				FAAEDCE520599CC900FC4E2A /* Application */,
				FAAE1A81204EB0D400AE14C7 /* test files */,
				F8F129B7206A649000AD8594 /* AuthGroup */,
				FAAEDCE620599D3600FC4E2A /* Search */,
				FAAEDCE720599D7300FC4E2A /* Messages */,
				FAAEDCE820599D7D00FC4E2A /* Profile */,
			);
			path = Scheduling;
			sourceTree = "<group>";
		};
		FA5B30B0206BEFAC0083BFA9 /* Recovered References */ = {
			isa = PBXGroup;
			children = (
			);
			name = "Recovered References";
			sourceTree = "<group>";
		};
		FA6712B42062231F00E219FB /* TableCells */ = {
			isa = PBXGroup;
			children = (
				FA571DF5206684D40078DF9A /* TextFieldTableViewCell.swift */,
				FA571DF6206684D40078DF9A /* TextFieldTableViewCell.xib */,
				FA571DF9206685110078DF9A /* DescriptionTableViewCell.swift */,
				FA571DFA206685110078DF9A /* DescriptionTableViewCell.xib */,
				FA571DFD2066856E0078DF9A /* PriceTableViewCell.swift */,
				FA571DFE2066856E0078DF9A /* PriceTableViewCell.xib */,
				FA571E012066862A0078DF9A /* ListAndAddTableViewCell.swift */,
				FA571E022066862A0078DF9A /* ListAndAddTableViewCell.xib */,
				FA571E05206686740078DF9A /* NameWithDisclosureIndicatorTableViewCell.swift */,
				FA571E06206686740078DF9A /* NameWithDisclosureIndicatorTableViewCell.xib */,
				FA8A23E1206A865B000C4EEA /* ProfileSalonDescriptionTableViewCell.swift */,
				FA8A23E2206A865B000C4EEA /* ProfileSalonDescriptionTableViewCell.xib */,
				FA9BDE5C206DEE510068A86E /* NameLabelTableViewCell.swift */,
				FA9BDE5D206DEE510068A86E /* NameLabelTableViewCell.xib */,
				FA9BDE60206DF1550068A86E /* NameWithSwitchTableViewCell.swift */,
				FA9BDE61206DF1550068A86E /* NameWithSwitchTableViewCell.xib */,
				FA9BDE64206DF2390068A86E /* SegmentedControlTableViewCell.swift */,
				FA9BDE65206DF2390068A86E /* SegmentedControlTableViewCell.xib */,
				FA9BDE68206DF6120068A86E /* SetTimeOfWorkDayTableViewCell.swift */,
				FA9BDE69206DF6120068A86E /* SetTimeOfWorkDayTableViewCell.xib */,
				FA487BEF206E45A4008B87C4 /* SetWorkTimeForDayTableViewCell.swift */,
				FA487BF0206E45A4008B87C4 /* SetWorkTimeForDayTableViewCell.xib */,
			);
			path = TableCells;
			sourceTree = "<group>";
		};
		FAAE1A81204EB0D400AE14C7 /* test files */ = {
			isa = PBXGroup;
			children = (
				FAAE1A82204EB10E00AE14C7 /* test classes.swift */,
				FAC1943D20601ED300188BDA /* loadData.swift */,
				FA5B30B1206BF7D50083BFA9 /* test data.swift */,
			);
			path = "test files";
			sourceTree = "<group>";
		};
		FAAEDCE520599CC900FC4E2A /* Application */ = {
			isa = PBXGroup;
			children = (
				FA0C84A32041B2D7000BA2F5 /* Assets.xcassets */,
				FA0C84A02041B2D5000BA2F5 /* Main.storyboard */,
				FA0C84A52041B2D7000BA2F5 /* LaunchScreen.storyboard */,
				FA0C849A2041B2D5000BA2F5 /* AppDelegate.swift */,
				FA0C84A82041B2D7000BA2F5 /* Info.plist */,
			);
			path = Application;
			sourceTree = "<group>";
		};
		FAAEDCE620599D3600FC4E2A /* Search */ = {
			isa = PBXGroup;
			children = (
				FA0C84AE2041E95B000BA2F5 /* SearchTableViewController.swift */,
			);
			path = Search;
			sourceTree = "<group>";
		};
		FAAEDCE720599D7300FC4E2A /* Messages */ = {
			isa = PBXGroup;
			children = (
				FA0C84B02041E9AE000BA2F5 /* MessagesTableViewController.swift */,
			);
			path = Messages;
			sourceTree = "<group>";
		};
		FAAEDCE820599D7D00FC4E2A /* Profile */ = {
			isa = PBXGroup;
			children = (
				FA8A23E5206A8C18000C4EEA /* ProfileSalonTableViewController.swift */,
				FADADAFE2066CBAB00956F15 /* ProfileAddNewServiceTableViewController.swift */,
				FA9BDE58206C14890068A86E /* ProfileMastersListTableViewController.swift */,
				FA9BDE5A206C17220068A86E /* ProfileAddNewMasterTableViewController.swift */,
				FA6712B42062231F00E219FB /* TableCells */,
			);
			path = Profile;
			sourceTree = "<group>";
		};
/* End PBXGroup section */

/* Begin PBXNativeTarget section */
		FA0C84962041B2D4000BA2F5 /* Scheduling */ = {
			isa = PBXNativeTarget;
			buildConfigurationList = FA0C84AB2041B2D7000BA2F5 /* Build configuration list for PBXNativeTarget "Scheduling" */;
			buildPhases = (
				FA0C84932041B2D4000BA2F5 /* Sources */,
				FA0C84942041B2D4000BA2F5 /* Frameworks */,
				FA0C84952041B2D4000BA2F5 /* Resources */,
			);
			buildRules = (
			);
			dependencies = (
			);
			name = Scheduling;
			productName = Scheduling;
			productReference = FA0C84972041B2D5000BA2F5 /* Scheduling.app */;
			productType = "com.apple.product-type.application";
		};
/* End PBXNativeTarget section */

/* Begin PBXProject section */
		FA0C848F2041B2D4000BA2F5 /* Project object */ = {
			isa = PBXProject;
			attributes = {
				LastSwiftUpdateCheck = 0930;
				LastUpgradeCheck = 0930;
				ORGANIZATIONNAME = Aksiniya;
				TargetAttributes = {
					FA0C84962041B2D4000BA2F5 = {
						CreatedOnToolsVersion = 9.3;
						ProvisioningStyle = Automatic;
					};
				};
			};
			buildConfigurationList = FA0C84922041B2D4000BA2F5 /* Build configuration list for PBXProject "Scheduling" */;
			compatibilityVersion = "Xcode 8.0";
			developmentRegion = en;
			hasScannedForEncodings = 0;
			knownRegions = (
				en,
				Base,
			);
			mainGroup = FA0C848E2041B2D4000BA2F5;
			productRefGroup = FA0C84982041B2D5000BA2F5 /* Products */;
			projectDirPath = "";
			projectRoot = "";
			targets = (
				FA0C84962041B2D4000BA2F5 /* Scheduling */,
			);
		};
/* End PBXProject section */

/* Begin PBXResourcesBuildPhase section */
		FA0C84952041B2D4000BA2F5 /* Resources */ = {
			isa = PBXResourcesBuildPhase;
			buildActionMask = 2147483647;
			files = (
				FA8A23E4206A865B000C4EEA /* ProfileSalonDescriptionTableViewCell.xib in Resources */,
				FA571DF8206684D40078DF9A /* TextFieldTableViewCell.xib in Resources */,
				FA9BDE67206DF2390068A86E /* SegmentedControlTableViewCell.xib in Resources */,
				FA0C84A72041B2D7000BA2F5 /* LaunchScreen.storyboard in Resources */,
				FA571E08206686740078DF9A /* NameWithDisclosureIndicatorTableViewCell.xib in Resources */,
				FA571E042066862A0078DF9A /* ListAndAddTableViewCell.xib in Resources */,
				FA0C84A42041B2D7000BA2F5 /* Assets.xcassets in Resources */,
				FA571E002066856E0078DF9A /* PriceTableViewCell.xib in Resources */,
				FA9BDE6B206DF6120068A86E /* SetTimeOfWorkDayTableViewCell.xib in Resources */,
				FA9BDE63206DF1550068A86E /* NameWithSwitchTableViewCell.xib in Resources */,
				FA9BDE5F206DEE510068A86E /* NameLabelTableViewCell.xib in Resources */,
				FA487BF2206E45A4008B87C4 /* SetWorkTimeForDayTableViewCell.xib in Resources */,
				FA571DFC206685110078DF9A /* DescriptionTableViewCell.xib in Resources */,
				FA0C84A22041B2D5000BA2F5 /* Main.storyboard in Resources */,
			);
			runOnlyForDeploymentPostprocessing = 0;
		};
/* End PBXResourcesBuildPhase section */

/* Begin PBXSourcesBuildPhase section */
		FA0C84932041B2D4000BA2F5 /* Sources */ = {
			isa = PBXSourcesBuildPhase;
			buildActionMask = 2147483647;
			files = (
				FA8A23E6206A8C18000C4EEA /* ProfileSalonTableViewController.swift in Sources */,
				FA571DFB206685110078DF9A /* DescriptionTableViewCell.swift in Sources */,
				FA571E07206686740078DF9A /* NameWithDisclosureIndicatorTableViewCell.swift in Sources */,
				F8F129B9206A64AF00AD8594 /* LoginViewController.swift in Sources */,
				F8F129BB206A667B00AD8594 /* RegisterViewController.swift in Sources */,
				FA5B30B2206BF7D50083BFA9 /* test data.swift in Sources */,
				FA487BF1206E45A4008B87C4 /* SetWorkTimeForDayTableViewCell.swift in Sources */,
				FA9BDE6A206DF6120068A86E /* SetTimeOfWorkDayTableViewCell.swift in Sources */,
				FAAE1A83204EB10E00AE14C7 /* test classes.swift in Sources */,
				FAC1943E20601ED300188BDA /* loadData.swift in Sources */,
				FA571DFF2066856E0078DF9A /* PriceTableViewCell.swift in Sources */,
				FA0C849B2041B2D5000BA2F5 /* AppDelegate.swift in Sources */,
				FA9BDE62206DF1550068A86E /* NameWithSwitchTableViewCell.swift in Sources */,
				FA571DF7206684D40078DF9A /* TextFieldTableViewCell.swift in Sources */,
				FADADAFF2066CBAB00956F15 /* ProfileAddNewServiceTableViewController.swift in Sources */,
				FA571E032066862A0078DF9A /* ListAndAddTableViewCell.swift in Sources */,
				FA9BDE59206C14890068A86E /* ProfileMastersListTableViewController.swift in Sources */,
				FA9BDE5B206C17220068A86E /* ProfileAddNewMasterTableViewController.swift in Sources */,
				FA9BDE66206DF2390068A86E /* SegmentedControlTableViewCell.swift in Sources */,
				FA0C84B12041E9AE000BA2F5 /* MessagesTableViewController.swift in Sources */,
				FA9BDE5E206DEE510068A86E /* NameLabelTableViewCell.swift in Sources */,
				FA8A23E3206A865B000C4EEA /* ProfileSalonDescriptionTableViewCell.swift in Sources */,
				FA0C84AF2041E95B000BA2F5 /* SearchTableViewController.swift in Sources */,
			);
			runOnlyForDeploymentPostprocessing = 0;
		};
/* End PBXSourcesBuildPhase section */

/* Begin PBXVariantGroup section */
		FA0C84A02041B2D5000BA2F5 /* Main.storyboard */ = {
			isa = PBXVariantGroup;
			children = (
				FA0C84A12041B2D5000BA2F5 /* Base */,
			);
			name = Main.storyboard;
			sourceTree = "<group>";
		};
		FA0C84A52041B2D7000BA2F5 /* LaunchScreen.storyboard */ = {
			isa = PBXVariantGroup;
			children = (
				FA0C84A62041B2D7000BA2F5 /* Base */,
			);
			name = LaunchScreen.storyboard;
			sourceTree = "<group>";
		};
/* End PBXVariantGroup section */

/* Begin XCBuildConfiguration section */
		FA0C84A92041B2D7000BA2F5 /* Debug */ = {
			isa = XCBuildConfiguration;
			buildSettings = {
				ALWAYS_SEARCH_USER_PATHS = NO;
				CLANG_ANALYZER_NONNULL = YES;
				CLANG_ANALYZER_NUMBER_OBJECT_CONVERSION = YES_AGGRESSIVE;
				CLANG_CXX_LANGUAGE_STANDARD = "gnu++14";
				CLANG_CXX_LIBRARY = "libc++";
				CLANG_ENABLE_MODULES = YES;
				CLANG_ENABLE_OBJC_ARC = YES;
				CLANG_ENABLE_OBJC_WEAK = YES;
				CLANG_WARN_BLOCK_CAPTURE_AUTORELEASING = YES;
				CLANG_WARN_BOOL_CONVERSION = YES;
				CLANG_WARN_COMMA = YES;
				CLANG_WARN_CONSTANT_CONVERSION = YES;
				CLANG_WARN_DEPRECATED_OBJC_IMPLEMENTATIONS = YES;
				CLANG_WARN_DIRECT_OBJC_ISA_USAGE = YES_ERROR;
				CLANG_WARN_DOCUMENTATION_COMMENTS = YES;
				CLANG_WARN_EMPTY_BODY = YES;
				CLANG_WARN_ENUM_CONVERSION = YES;
				CLANG_WARN_INFINITE_RECURSION = YES;
				CLANG_WARN_INT_CONVERSION = YES;
				CLANG_WARN_NON_LITERAL_NULL_CONVERSION = YES;
				CLANG_WARN_OBJC_IMPLICIT_RETAIN_SELF = YES;
				CLANG_WARN_OBJC_LITERAL_CONVERSION = YES;
				CLANG_WARN_OBJC_ROOT_CLASS = YES_ERROR;
				CLANG_WARN_RANGE_LOOP_ANALYSIS = YES;
				CLANG_WARN_STRICT_PROTOTYPES = YES;
				CLANG_WARN_SUSPICIOUS_MOVE = YES;
				CLANG_WARN_UNGUARDED_AVAILABILITY = YES_AGGRESSIVE;
				CLANG_WARN_UNREACHABLE_CODE = YES;
				CLANG_WARN__DUPLICATE_METHOD_MATCH = YES;
				CODE_SIGN_IDENTITY = "iPhone Developer";
				COPY_PHASE_STRIP = NO;
				DEBUG_INFORMATION_FORMAT = dwarf;
				ENABLE_STRICT_OBJC_MSGSEND = YES;
				ENABLE_TESTABILITY = YES;
				GCC_C_LANGUAGE_STANDARD = gnu11;
				GCC_DYNAMIC_NO_PIC = NO;
				GCC_NO_COMMON_BLOCKS = YES;
				GCC_OPTIMIZATION_LEVEL = 0;
				GCC_PREPROCESSOR_DEFINITIONS = (
					"DEBUG=1",
					"$(inherited)",
				);
				GCC_WARN_64_TO_32_BIT_CONVERSION = YES;
				GCC_WARN_ABOUT_RETURN_TYPE = YES_ERROR;
				GCC_WARN_UNDECLARED_SELECTOR = YES;
				GCC_WARN_UNINITIALIZED_AUTOS = YES_AGGRESSIVE;
				GCC_WARN_UNUSED_FUNCTION = YES;
				GCC_WARN_UNUSED_VARIABLE = YES;
				IPHONEOS_DEPLOYMENT_TARGET = 11.3;
				MTL_ENABLE_DEBUG_INFO = YES;
				ONLY_ACTIVE_ARCH = YES;
				SDKROOT = iphoneos;
				SWIFT_ACTIVE_COMPILATION_CONDITIONS = DEBUG;
				SWIFT_OPTIMIZATION_LEVEL = "-Onone";
			};
			name = Debug;
		};
		FA0C84AA2041B2D7000BA2F5 /* Release */ = {
			isa = XCBuildConfiguration;
			buildSettings = {
				ALWAYS_SEARCH_USER_PATHS = NO;
				CLANG_ANALYZER_NONNULL = YES;
				CLANG_ANALYZER_NUMBER_OBJECT_CONVERSION = YES_AGGRESSIVE;
				CLANG_CXX_LANGUAGE_STANDARD = "gnu++14";
				CLANG_CXX_LIBRARY = "libc++";
				CLANG_ENABLE_MODULES = YES;
				CLANG_ENABLE_OBJC_ARC = YES;
				CLANG_ENABLE_OBJC_WEAK = YES;
				CLANG_WARN_BLOCK_CAPTURE_AUTORELEASING = YES;
				CLANG_WARN_BOOL_CONVERSION = YES;
				CLANG_WARN_COMMA = YES;
				CLANG_WARN_CONSTANT_CONVERSION = YES;
				CLANG_WARN_DEPRECATED_OBJC_IMPLEMENTATIONS = YES;
				CLANG_WARN_DIRECT_OBJC_ISA_USAGE = YES_ERROR;
				CLANG_WARN_DOCUMENTATION_COMMENTS = YES;
				CLANG_WARN_EMPTY_BODY = YES;
				CLANG_WARN_ENUM_CONVERSION = YES;
				CLANG_WARN_INFINITE_RECURSION = YES;
				CLANG_WARN_INT_CONVERSION = YES;
				CLANG_WARN_NON_LITERAL_NULL_CONVERSION = YES;
				CLANG_WARN_OBJC_IMPLICIT_RETAIN_SELF = YES;
				CLANG_WARN_OBJC_LITERAL_CONVERSION = YES;
				CLANG_WARN_OBJC_ROOT_CLASS = YES_ERROR;
				CLANG_WARN_RANGE_LOOP_ANALYSIS = YES;
				CLANG_WARN_STRICT_PROTOTYPES = YES;
				CLANG_WARN_SUSPICIOUS_MOVE = YES;
				CLANG_WARN_UNGUARDED_AVAILABILITY = YES_AGGRESSIVE;
				CLANG_WARN_UNREACHABLE_CODE = YES;
				CLANG_WARN__DUPLICATE_METHOD_MATCH = YES;
				CODE_SIGN_IDENTITY = "iPhone Developer";
				COPY_PHASE_STRIP = NO;
				DEBUG_INFORMATION_FORMAT = "dwarf-with-dsym";
				ENABLE_NS_ASSERTIONS = NO;
				ENABLE_STRICT_OBJC_MSGSEND = YES;
				GCC_C_LANGUAGE_STANDARD = gnu11;
				GCC_NO_COMMON_BLOCKS = YES;
				GCC_WARN_64_TO_32_BIT_CONVERSION = YES;
				GCC_WARN_ABOUT_RETURN_TYPE = YES_ERROR;
				GCC_WARN_UNDECLARED_SELECTOR = YES;
				GCC_WARN_UNINITIALIZED_AUTOS = YES_AGGRESSIVE;
				GCC_WARN_UNUSED_FUNCTION = YES;
				GCC_WARN_UNUSED_VARIABLE = YES;
				IPHONEOS_DEPLOYMENT_TARGET = 11.3;
				MTL_ENABLE_DEBUG_INFO = NO;
				SDKROOT = iphoneos;
				SWIFT_OPTIMIZATION_LEVEL = "-Owholemodule";
				VALIDATE_PRODUCT = YES;
			};
			name = Release;
		};
		FA0C84AC2041B2D7000BA2F5 /* Debug */ = {
			isa = XCBuildConfiguration;
			buildSettings = {
				ASSETCATALOG_COMPILER_APPICON_NAME = AppIcon;
				CODE_SIGN_IDENTITY = "iPhone Developer";
				CODE_SIGN_STYLE = Automatic;
				DEVELOPMENT_TEAM = 3WS633S2WV;
				INFOPLIST_FILE = "$(SRCROOT)/Scheduling/Application/Info.plist";
				IPHONEOS_DEPLOYMENT_TARGET = 11.2;
				LD_RUNPATH_SEARCH_PATHS = "$(inherited) @executable_path/Frameworks";
				PRODUCT_BUNDLE_IDENTIFIER = Technopark.Scheduling;
				PRODUCT_NAME = "$(TARGET_NAME)";
				PROVISIONING_PROFILE_SPECIFIER = "";
				SWIFT_VERSION = 4.0;
				TARGETED_DEVICE_FAMILY = "1,2";
			};
			name = Debug;
		};
		FA0C84AD2041B2D7000BA2F5 /* Release */ = {
			isa = XCBuildConfiguration;
			buildSettings = {
				ASSETCATALOG_COMPILER_APPICON_NAME = AppIcon;
				CODE_SIGN_IDENTITY = "iPhone Developer";
				CODE_SIGN_STYLE = Automatic;
				DEVELOPMENT_TEAM = 3WS633S2WV;
				INFOPLIST_FILE = "$(SRCROOT)/Scheduling/Application/Info.plist";
				IPHONEOS_DEPLOYMENT_TARGET = 11.2;
				LD_RUNPATH_SEARCH_PATHS = "$(inherited) @executable_path/Frameworks";
				PRODUCT_BUNDLE_IDENTIFIER = Technopark.Scheduling;
				PRODUCT_NAME = "$(TARGET_NAME)";
				PROVISIONING_PROFILE_SPECIFIER = "";
				SWIFT_VERSION = 4.0;
				TARGETED_DEVICE_FAMILY = "1,2";
			};
			name = Release;
		};
/* End XCBuildConfiguration section */

/* Begin XCConfigurationList section */
		FA0C84922041B2D4000BA2F5 /* Build configuration list for PBXProject "Scheduling" */ = {
			isa = XCConfigurationList;
			buildConfigurations = (
				FA0C84A92041B2D7000BA2F5 /* Debug */,
				FA0C84AA2041B2D7000BA2F5 /* Release */,
			);
			defaultConfigurationIsVisible = 0;
			defaultConfigurationName = Release;
		};
		FA0C84AB2041B2D7000BA2F5 /* Build configuration list for PBXNativeTarget "Scheduling" */ = {
			isa = XCConfigurationList;
			buildConfigurations = (
				FA0C84AC2041B2D7000BA2F5 /* Debug */,
				FA0C84AD2041B2D7000BA2F5 /* Release */,
			);
			defaultConfigurationIsVisible = 0;
			defaultConfigurationName = Release;
		};
/* End XCConfigurationList section */
	};
	rootObject = FA0C848F2041B2D4000BA2F5 /* Project object */;
}
